// !$*UTF8*$!
{
	archiveVersion = 1;
	classes = {
	};
	objectVersion = 50;
	objects = {

/* Begin PBXBuildFile section */
		251D1F5A22403DAD00AD7CE4 /* GameScene.sks in Resources */ = {isa = PBXBuildFile; fileRef = 251D1F5922403DAD00AD7CE4 /* GameScene.sks */; };
		251D1F5C22403DAD00AD7CE4 /* Actions.sks in Resources */ = {isa = PBXBuildFile; fileRef = 251D1F5B22403DAD00AD7CE4 /* Actions.sks */; };
		251D1F5E22403DAD00AD7CE4 /* GameScene.swift in Sources */ = {isa = PBXBuildFile; fileRef = 251D1F5D22403DAD00AD7CE4 /* GameScene.swift */; };
		251D1F6022403DAD00AD7CE4 /* GameViewController.swift in Sources */ = {isa = PBXBuildFile; fileRef = 251D1F5F22403DAD00AD7CE4 /* GameViewController.swift */; };
		251D1F6322403DAD00AD7CE4 /* Main.storyboard in Resources */ = {isa = PBXBuildFile; fileRef = 251D1F6122403DAD00AD7CE4 /* Main.storyboard */; };
		251D1F6522403DAE00AD7CE4 /* Assets.xcassets in Resources */ = {isa = PBXBuildFile; fileRef = 251D1F6422403DAE00AD7CE4 /* Assets.xcassets */; };
		251D1F6822403DAE00AD7CE4 /* LaunchScreen.storyboard in Resources */ = {isa = PBXBuildFile; fileRef = 251D1F6622403DAE00AD7CE4 /* LaunchScreen.storyboard */; };
		251D1F7322403DAE00AD7CE4 /* Team_Kookaburra_ChessTests.swift in Sources */ = {isa = PBXBuildFile; fileRef = 251D1F7222403DAE00AD7CE4 /* Team_Kookaburra_ChessTests.swift */; };
		251D1F7E22403DAE00AD7CE4 /* Team_Kookaburra_ChessUITests.swift in Sources */ = {isa = PBXBuildFile; fileRef = 251D1F7D22403DAE00AD7CE4 /* Team_Kookaburra_ChessUITests.swift */; };
		251D1F8E2240743D00AD7CE4 /* BoardCelll.swift in Sources */ = {isa = PBXBuildFile; fileRef = 251D1F8D2240743D00AD7CE4 /* BoardCelll.swift */; };
		251D1F902240746C00AD7CE4 /* BoardIndex.swift in Sources */ = {isa = PBXBuildFile; fileRef = 251D1F8F2240746C00AD7CE4 /* BoardIndex.swift */; };
		251D1F92224074A800AD7CE4 /* chessBoard.swift in Sources */ = {isa = PBXBuildFile; fileRef = 251D1F91224074A800AD7CE4 /* chessBoard.swift */; };
		251D1F962240751500AD7CE4 /* chessPiece.swift in Sources */ = {isa = PBXBuildFile; fileRef = 251D1F952240751500AD7CE4 /* chessPiece.swift */; };
		251D1F982240757800AD7CE4 /* chessVC.swift in Sources */ = {isa = PBXBuildFile; fileRef = 251D1F972240757800AD7CE4 /* chessVC.swift */; };
		251D1F9A224075CE00AD7CE4 /* chessView.swift in Sources */ = {isa = PBXBuildFile; fileRef = 251D1F99224075CE00AD7CE4 /* chessView.swift */; };
		251D1F9C2240760B00AD7CE4 /* history.swift in Sources */ = {isa = PBXBuildFile; fileRef = 251D1F9B2240760B00AD7CE4 /* history.swift */; };
		251D1F9E22407A7700AD7CE4 /* AppDelegate.swift in Sources */ = {isa = PBXBuildFile; fileRef = 251D1F9D22407A7700AD7CE4 /* AppDelegate.swift */; };
		252A35EA224414F600FE6A09 /* blankPiece.png in Resources */ = {isa = PBXBuildFile; fileRef = 252A35E9224414F600FE6A09 /* blankPiece.png */; };
		252A35EC2244150200FE6A09 /* blackPawn.png in Resources */ = {isa = PBXBuildFile; fileRef = 252A35EB2244150200FE6A09 /* blackPawn.png */; };
		252A35F022442A9200FE6A09 /* blackBishop.png in Resources */ = {isa = PBXBuildFile; fileRef = 252A35EF22442A9200FE6A09 /* blackBishop.png */; };
		252A35F22244323600FE6A09 /* blackKnight.png in Resources */ = {isa = PBXBuildFile; fileRef = 252A35F12244323500FE6A09 /* blackKnight.png */; };
		254C14772247D676004359CE /* blackQueen.png in Resources */ = {isa = PBXBuildFile; fileRef = 254C14762247D675004359CE /* blackQueen.png */; };
		254C14792247D67C004359CE /* blackKing.png in Resources */ = {isa = PBXBuildFile; fileRef = 254C14782247D67C004359CE /* blackKing.png */; };
		254C147B2247E6AA004359CE /* blackDwarf.png in Resources */ = {isa = PBXBuildFile; fileRef = 254C147A2247E6AA004359CE /* blackDwarf.png */; };
		254C147D2247E6B0004359CE /* blackFootsoldier.png in Resources */ = {isa = PBXBuildFile; fileRef = 254C147C2247E6B0004359CE /* blackFootsoldier.png */; };
		254C147F2247E6B5004359CE /* blackGargoyle.png in Resources */ = {isa = PBXBuildFile; fileRef = 254C147E2247E6B5004359CE /* blackGargoyle.png */; };
		254C14812247E6B9004359CE /* blackGhostQueen.png in Resources */ = {isa = PBXBuildFile; fileRef = 254C14802247E6B9004359CE /* blackGhostQueen.png */; };
		254C14832247E6BF004359CE /* blackGoblin.png in Resources */ = {isa = PBXBuildFile; fileRef = 254C14822247E6BF004359CE /* blackGoblin.png */; };
		254C14852247E76A004359CE /* blackMonk.png in Resources */ = {isa = PBXBuildFile; fileRef = 254C14842247E76A004359CE /* blackMonk.png */; };
		259FED9C22493C0F006BE3E8 /* blackBasilisk.png in Resources */ = {isa = PBXBuildFile; fileRef = 259FED9B22493C0F006BE3E8 /* blackBasilisk.png */; };
		259FED9E22493C16006BE3E8 /* blackFireDragon.png in Resources */ = {isa = PBXBuildFile; fileRef = 259FED9D22493C16006BE3E8 /* blackFireDragon.png */; };
		259FEDA022493C1E006BE3E8 /* blackIceDragon.png in Resources */ = {isa = PBXBuildFile; fileRef = 259FED9F22493C1E006BE3E8 /* blackIceDragon.png */; };
		259FEDA222493C24006BE3E8 /* blackMinotaur.png in Resources */ = {isa = PBXBuildFile; fileRef = 259FEDA122493C24006BE3E8 /* blackMinotaur.png */; };
		259FEDA422493C3C006BE3E8 /* blackMonopod.png in Resources */ = {isa = PBXBuildFile; fileRef = 259FEDA322493C3C006BE3E8 /* blackMonopod.png */; };
		259FEDA6224949DE006BE3E8 /* blackBallista.png in Resources */ = {isa = PBXBuildFile; fileRef = 259FEDA5224949DE006BE3E8 /* blackBallista.png */; };
		259FEDA8224949ED006BE3E8 /* blackShip.png in Resources */ = {isa = PBXBuildFile; fileRef = 259FEDA7224949ED006BE3E8 /* blackShip.png */; };
		259FEDAA224949F3006BE3E8 /* blackBatteringRam.png in Resources */ = {isa = PBXBuildFile; fileRef = 259FEDA9224949F3006BE3E8 /* blackBatteringRam.png */; };
		259FEDAE2249BF65006BE3E8 /* blackRightyElf.png in Resources */ = {isa = PBXBuildFile; fileRef = 259FEDAD2249BF65006BE3E8 /* blackRightyElf.png */; };
		259FEDB02249BF6C006BE3E8 /* blackTrebuchet.png in Resources */ = {isa = PBXBuildFile; fileRef = 259FEDAF2249BF6C006BE3E8 /* blackTrebuchet.png */; };
		259FEDB42249BFD3006BE3E8 /* blackLeftyElf.png in Resources */ = {isa = PBXBuildFile; fileRef = 259FEDB32249BFD3006BE3E8 /* blackLeftyElf.png */; };
		25BC7377224822600083D24E /* blackElephant.png in Resources */ = {isa = PBXBuildFile; fileRef = 25BC7376224822600083D24E /* blackElephant.png */; };
		25BC73792248226A0083D24E /* blackManAtArms.png in Resources */ = {isa = PBXBuildFile; fileRef = 25BC73782248226A0083D24E /* blackManAtArms.png */; };
		25BC737B2248226F0083D24E /* blackOgre.png in Resources */ = {isa = PBXBuildFile; fileRef = 25BC737A2248226F0083D24E /* blackOgre.png */; };
		25BC737D224822750083D24E /* blackOrcWarrior.png in Resources */ = {isa = PBXBuildFile; fileRef = 25BC737C224822750083D24E /* blackOrcWarrior.png */; };
		25BC737F224822840083D24E /* blackScout.png in Resources */ = {isa = PBXBuildFile; fileRef = 25BC737E224822840083D24E /* blackScout.png */; };
		25DEFD41224896E40024A78A /* blackArcher.png in Resources */ = {isa = PBXBuildFile; fileRef = 25DEFD40224896E40024A78A /* blackArcher.png */; };
		25DEFD43224896E80024A78A /* blackDemon.png in Resources */ = {isa = PBXBuildFile; fileRef = 25DEFD42224896E80024A78A /* blackDemon.png */; };
		25DEFD45224896EF0024A78A /* blackGuard.png in Resources */ = {isa = PBXBuildFile; fileRef = 25DEFD44224896EF0024A78A /* blackGuard.png */; };
		25DEFD47224896F80024A78A /* blackSwordsman.png in Resources */ = {isa = PBXBuildFile; fileRef = 25DEFD46224896F80024A78A /* blackSwordsman.png */; };
		25DEFD492248970A0024A78A /* blackPikeman.png in Resources */ = {isa = PBXBuildFile; fileRef = 25DEFD482248970A0024A78A /* blackPikeman.png */; };
		889C82642241651D00B77A21 /* LaunchScreen.swift in Sources */ = {isa = PBXBuildFile; fileRef = 889C82632241651D00B77A21 /* LaunchScreen.swift */; };
/* End PBXBuildFile section */

/* Begin PBXContainerItemProxy section */
		251D1F6F22403DAE00AD7CE4 /* PBXContainerItemProxy */ = {
			isa = PBXContainerItemProxy;
			containerPortal = 251D1F4C22403DAD00AD7CE4 /* Project object */;
			proxyType = 1;
			remoteGlobalIDString = 251D1F5322403DAD00AD7CE4;
			remoteInfo = "Team Kookaburra Chess";
		};
		251D1F7A22403DAE00AD7CE4 /* PBXContainerItemProxy */ = {
			isa = PBXContainerItemProxy;
			containerPortal = 251D1F4C22403DAD00AD7CE4 /* Project object */;
			proxyType = 1;
			remoteGlobalIDString = 251D1F5322403DAD00AD7CE4;
			remoteInfo = "Team Kookaburra Chess";
		};
/* End PBXContainerItemProxy section */

/* Begin PBXFileReference section */
		251D1F5422403DAD00AD7CE4 /* Team Kookaburra Chess.app */ = {isa = PBXFileReference; explicitFileType = wrapper.application; includeInIndex = 0; path = "Team Kookaburra Chess.app"; sourceTree = BUILT_PRODUCTS_DIR; };
		251D1F5922403DAD00AD7CE4 /* GameScene.sks */ = {isa = PBXFileReference; lastKnownFileType = file.sks; path = GameScene.sks; sourceTree = "<group>"; };
		251D1F5B22403DAD00AD7CE4 /* Actions.sks */ = {isa = PBXFileReference; lastKnownFileType = file.sks; path = Actions.sks; sourceTree = "<group>"; };
		251D1F5D22403DAD00AD7CE4 /* GameScene.swift */ = {isa = PBXFileReference; lastKnownFileType = sourcecode.swift; path = GameScene.swift; sourceTree = "<group>"; };
		251D1F5F22403DAD00AD7CE4 /* GameViewController.swift */ = {isa = PBXFileReference; lastKnownFileType = sourcecode.swift; path = GameViewController.swift; sourceTree = "<group>"; };
		251D1F6222403DAD00AD7CE4 /* Base */ = {isa = PBXFileReference; lastKnownFileType = file.storyboard; name = Base; path = Base.lproj/Main.storyboard; sourceTree = "<group>"; };
		251D1F6422403DAE00AD7CE4 /* Assets.xcassets */ = {isa = PBXFileReference; lastKnownFileType = folder.assetcatalog; path = Assets.xcassets; sourceTree = "<group>"; };
		251D1F6722403DAE00AD7CE4 /* Base */ = {isa = PBXFileReference; lastKnownFileType = file.storyboard; name = Base; path = Base.lproj/LaunchScreen.storyboard; sourceTree = "<group>"; };
		251D1F6922403DAE00AD7CE4 /* Info.plist */ = {isa = PBXFileReference; lastKnownFileType = text.plist.xml; path = Info.plist; sourceTree = "<group>"; };
		251D1F6E22403DAE00AD7CE4 /* Team Kookaburra ChessTests.xctest */ = {isa = PBXFileReference; explicitFileType = wrapper.cfbundle; includeInIndex = 0; path = "Team Kookaburra ChessTests.xctest"; sourceTree = BUILT_PRODUCTS_DIR; };
		251D1F7222403DAE00AD7CE4 /* Team_Kookaburra_ChessTests.swift */ = {isa = PBXFileReference; lastKnownFileType = sourcecode.swift; path = Team_Kookaburra_ChessTests.swift; sourceTree = "<group>"; };
		251D1F7422403DAE00AD7CE4 /* Info.plist */ = {isa = PBXFileReference; lastKnownFileType = text.plist.xml; path = Info.plist; sourceTree = "<group>"; };
		251D1F7922403DAE00AD7CE4 /* Team Kookaburra ChessUITests.xctest */ = {isa = PBXFileReference; explicitFileType = wrapper.cfbundle; includeInIndex = 0; path = "Team Kookaburra ChessUITests.xctest"; sourceTree = BUILT_PRODUCTS_DIR; };
		251D1F7D22403DAE00AD7CE4 /* Team_Kookaburra_ChessUITests.swift */ = {isa = PBXFileReference; lastKnownFileType = sourcecode.swift; path = Team_Kookaburra_ChessUITests.swift; sourceTree = "<group>"; };
		251D1F7F22403DAE00AD7CE4 /* Info.plist */ = {isa = PBXFileReference; lastKnownFileType = text.plist.xml; path = Info.plist; sourceTree = "<group>"; };
		251D1F8D2240743D00AD7CE4 /* BoardCelll.swift */ = {isa = PBXFileReference; lastKnownFileType = sourcecode.swift; path = BoardCelll.swift; sourceTree = "<group>"; };
		251D1F8F2240746C00AD7CE4 /* BoardIndex.swift */ = {isa = PBXFileReference; lastKnownFileType = sourcecode.swift; path = BoardIndex.swift; sourceTree = "<group>"; };
		251D1F91224074A800AD7CE4 /* chessBoard.swift */ = {isa = PBXFileReference; lastKnownFileType = sourcecode.swift; path = chessBoard.swift; sourceTree = "<group>"; };
		251D1F952240751500AD7CE4 /* chessPiece.swift */ = {isa = PBXFileReference; lastKnownFileType = sourcecode.swift; name = chessPiece.swift; path = "/Users/Blake/Documents/GitHub/KookaburraRepo/Team Kookaburra Chess/Team Kookaburra Chess/chessPiece.swift"; sourceTree = "<absolute>"; };
		251D1F972240757800AD7CE4 /* chessVC.swift */ = {isa = PBXFileReference; lastKnownFileType = sourcecode.swift; path = chessVC.swift; sourceTree = "<group>"; };
		251D1F99224075CE00AD7CE4 /* chessView.swift */ = {isa = PBXFileReference; lastKnownFileType = sourcecode.swift; path = chessView.swift; sourceTree = "<group>"; };
		251D1F9B2240760B00AD7CE4 /* history.swift */ = {isa = PBXFileReference; lastKnownFileType = sourcecode.swift; path = history.swift; sourceTree = "<group>"; };
		251D1F9D22407A7700AD7CE4 /* AppDelegate.swift */ = {isa = PBXFileReference; lastKnownFileType = sourcecode.swift; path = AppDelegate.swift; sourceTree = "<group>"; };
		251D202C22431F3800AD7CE4 /* testRook.png */ = {isa = PBXFileReference; lastKnownFileType = image.png; name = testRook.png; path = "Team Kookaburra Chess/Images/testRook.png"; sourceTree = SOURCE_ROOT; };
		252A35E9224414F600FE6A09 /* blankPiece.png */ = {isa = PBXFileReference; lastKnownFileType = image.png; path = blankPiece.png; sourceTree = "<group>"; };
		252A35EB2244150200FE6A09 /* blackPawn.png */ = {isa = PBXFileReference; lastKnownFileType = image.png; path = blackPawn.png; sourceTree = "<group>"; };
		252A35EF22442A9200FE6A09 /* blackBishop.png */ = {isa = PBXFileReference; lastKnownFileType = image.png; path = blackBishop.png; sourceTree = "<group>"; };
		252A35F12244323500FE6A09 /* blackKnight.png */ = {isa = PBXFileReference; lastKnownFileType = image.png; path = blackKnight.png; sourceTree = "<group>"; };
		254C14762247D675004359CE /* blackQueen.png */ = {isa = PBXFileReference; lastKnownFileType = image.png; path = blackQueen.png; sourceTree = "<group>"; };
		254C14782247D67C004359CE /* blackKing.png */ = {isa = PBXFileReference; lastKnownFileType = image.png; path = blackKing.png; sourceTree = "<group>"; };
		254C147A2247E6AA004359CE /* blackDwarf.png */ = {isa = PBXFileReference; lastKnownFileType = image.png; path = blackDwarf.png; sourceTree = "<group>"; };
		254C147C2247E6B0004359CE /* blackFootsoldier.png */ = {isa = PBXFileReference; lastKnownFileType = image.png; path = blackFootsoldier.png; sourceTree = "<group>"; };
		254C147E2247E6B5004359CE /* blackGargoyle.png */ = {isa = PBXFileReference; lastKnownFileType = image.png; path = blackGargoyle.png; sourceTree = "<group>"; };
		254C14802247E6B9004359CE /* blackGhostQueen.png */ = {isa = PBXFileReference; lastKnownFileType = image.png; path = blackGhostQueen.png; sourceTree = "<group>"; };
		254C14822247E6BF004359CE /* blackGoblin.png */ = {isa = PBXFileReference; lastKnownFileType = image.png; path = blackGoblin.png; sourceTree = "<group>"; };
		254C14842247E76A004359CE /* blackMonk.png */ = {isa = PBXFileReference; lastKnownFileType = image.png; path = blackMonk.png; sourceTree = "<group>"; };
		259FED9B22493C0F006BE3E8 /* blackBasilisk.png */ = {isa = PBXFileReference; lastKnownFileType = image.png; path = blackBasilisk.png; sourceTree = "<group>"; };
		259FED9D22493C16006BE3E8 /* blackFireDragon.png */ = {isa = PBXFileReference; lastKnownFileType = image.png; path = blackFireDragon.png; sourceTree = "<group>"; };
		259FED9F22493C1E006BE3E8 /* blackIceDragon.png */ = {isa = PBXFileReference; lastKnownFileType = image.png; path = blackIceDragon.png; sourceTree = "<group>"; };
		259FEDA122493C24006BE3E8 /* blackMinotaur.png */ = {isa = PBXFileReference; lastKnownFileType = image.png; path = blackMinotaur.png; sourceTree = "<group>"; };
		259FEDA322493C3C006BE3E8 /* blackMonopod.png */ = {isa = PBXFileReference; lastKnownFileType = image.png; path = blackMonopod.png; sourceTree = "<group>"; };
		259FEDA5224949DE006BE3E8 /* blackBallista.png */ = {isa = PBXFileReference; lastKnownFileType = image.png; name = blackBallista.png; path = Images/blackBallista.png; sourceTree = "<group>"; };
		259FEDA7224949ED006BE3E8 /* blackShip.png */ = {isa = PBXFileReference; lastKnownFileType = image.png; path = blackShip.png; sourceTree = "<group>"; };
		259FEDA9224949F3006BE3E8 /* blackBatteringRam.png */ = {isa = PBXFileReference; lastKnownFileType = image.png; path = blackBatteringRam.png; sourceTree = "<group>"; };
		259FEDAD2249BF65006BE3E8 /* blackRightyElf.png */ = {isa = PBXFileReference; lastKnownFileType = image.png; path = blackRightyElf.png; sourceTree = "<group>"; };
		259FEDAF2249BF6C006BE3E8 /* blackTrebuchet.png */ = {isa = PBXFileReference; lastKnownFileType = image.png; path = blackTrebuchet.png; sourceTree = "<group>"; };
		259FEDB32249BFD3006BE3E8 /* blackLeftyElf.png */ = {isa = PBXFileReference; lastKnownFileType = image.png; path = blackLeftyElf.png; sourceTree = "<group>"; };
		25BC7376224822600083D24E /* blackElephant.png */ = {isa = PBXFileReference; lastKnownFileType = image.png; path = blackElephant.png; sourceTree = "<group>"; };
		25BC73782248226A0083D24E /* blackManAtArms.png */ = {isa = PBXFileReference; lastKnownFileType = image.png; path = blackManAtArms.png; sourceTree = "<group>"; };
		25BC737A2248226F0083D24E /* blackOgre.png */ = {isa = PBXFileReference; lastKnownFileType = image.png; path = blackOgre.png; sourceTree = "<group>"; };
		25BC737C224822750083D24E /* blackOrcWarrior.png */ = {isa = PBXFileReference; lastKnownFileType = image.png; path = blackOrcWarrior.png; sourceTree = "<group>"; };
		25BC737E224822840083D24E /* blackScout.png */ = {isa = PBXFileReference; lastKnownFileType = image.png; path = blackScout.png; sourceTree = "<group>"; };
		25DEFD40224896E40024A78A /* blackArcher.png */ = {isa = PBXFileReference; lastKnownFileType = image.png; path = blackArcher.png; sourceTree = "<group>"; };
		25DEFD42224896E80024A78A /* blackDemon.png */ = {isa = PBXFileReference; lastKnownFileType = image.png; path = blackDemon.png; sourceTree = "<group>"; };
		25DEFD44224896EF0024A78A /* blackGuard.png */ = {isa = PBXFileReference; lastKnownFileType = image.png; path = blackGuard.png; sourceTree = "<group>"; };
		25DEFD46224896F80024A78A /* blackSwordsman.png */ = {isa = PBXFileReference; lastKnownFileType = image.png; path = blackSwordsman.png; sourceTree = "<group>"; };
		25DEFD482248970A0024A78A /* blackPikeman.png */ = {isa = PBXFileReference; lastKnownFileType = image.png; path = blackPikeman.png; sourceTree = "<group>"; };
		889C82632241651D00B77A21 /* LaunchScreen.swift */ = {isa = PBXFileReference; lastKnownFileType = sourcecode.swift; path = LaunchScreen.swift; sourceTree = "<group>"; };
/* End PBXFileReference section */

/* Begin PBXFrameworksBuildPhase section */
		251D1F5122403DAD00AD7CE4 /* Frameworks */ = {
			isa = PBXFrameworksBuildPhase;
			buildActionMask = 2147483647;
			files = (
			);
			runOnlyForDeploymentPostprocessing = 0;
		};
		251D1F6B22403DAE00AD7CE4 /* Frameworks */ = {
			isa = PBXFrameworksBuildPhase;
			buildActionMask = 2147483647;
			files = (
			);
			runOnlyForDeploymentPostprocessing = 0;
		};
		251D1F7622403DAE00AD7CE4 /* Frameworks */ = {
			isa = PBXFrameworksBuildPhase;
			buildActionMask = 2147483647;
			files = (
			);
			runOnlyForDeploymentPostprocessing = 0;
		};
/* End PBXFrameworksBuildPhase section */

/* Begin PBXGroup section */
		251D1F4B22403DAD00AD7CE4 = {
			isa = PBXGroup;
			children = (
				251D1F5622403DAD00AD7CE4 /* Team Kookaburra Chess */,
				251D1F7122403DAE00AD7CE4 /* Team Kookaburra ChessTests */,
				251D1F7C22403DAE00AD7CE4 /* Team Kookaburra ChessUITests */,
				251D1F5522403DAD00AD7CE4 /* Products */,
			);
			sourceTree = "<group>";
		};
		251D1F5522403DAD00AD7CE4 /* Products */ = {
			isa = PBXGroup;
			children = (
				251D1F5422403DAD00AD7CE4 /* Team Kookaburra Chess.app */,
				251D1F6E22403DAE00AD7CE4 /* Team Kookaburra ChessTests.xctest */,
				251D1F7922403DAE00AD7CE4 /* Team Kookaburra ChessUITests.xctest */,
			);
			name = Products;
			sourceTree = "<group>";
		};
		251D1F5622403DAD00AD7CE4 /* Team Kookaburra Chess */ = {
			isa = PBXGroup;
			children = (
				251D1F952240751500AD7CE4 /* chessPiece.swift */,
				251D1F972240757800AD7CE4 /* chessVC.swift */,
				251D1F99224075CE00AD7CE4 /* chessView.swift */,
				251D1F9B2240760B00AD7CE4 /* history.swift */,
				259FEDA5224949DE006BE3E8 /* blackBallista.png */,
				251D202B22431F2C00AD7CE4 /* Images */,
				251D1F8D2240743D00AD7CE4 /* BoardCelll.swift */,
				251D1F8F2240746C00AD7CE4 /* BoardIndex.swift */,
				251D1F9D22407A7700AD7CE4 /* AppDelegate.swift */,
				251D1F91224074A800AD7CE4 /* chessBoard.swift */,
				251D1F5922403DAD00AD7CE4 /* GameScene.sks */,
				889C82632241651D00B77A21 /* LaunchScreen.swift */,
				251D1F5B22403DAD00AD7CE4 /* Actions.sks */,
				251D1F5D22403DAD00AD7CE4 /* GameScene.swift */,
				251D1F5F22403DAD00AD7CE4 /* GameViewController.swift */,
				251D1F6122403DAD00AD7CE4 /* Main.storyboard */,
				251D1F6422403DAE00AD7CE4 /* Assets.xcassets */,
				251D1F6622403DAE00AD7CE4 /* LaunchScreen.storyboard */,
				251D1F6922403DAE00AD7CE4 /* Info.plist */,
			);
			path = "Team Kookaburra Chess";
			sourceTree = "<group>";
		};
		251D1F7122403DAE00AD7CE4 /* Team Kookaburra ChessTests */ = {
			isa = PBXGroup;
			children = (
				251D1F7222403DAE00AD7CE4 /* Team_Kookaburra_ChessTests.swift */,
				251D1F7422403DAE00AD7CE4 /* Info.plist */,
			);
			path = "Team Kookaburra ChessTests";
			sourceTree = "<group>";
		};
		251D1F7C22403DAE00AD7CE4 /* Team Kookaburra ChessUITests */ = {
			isa = PBXGroup;
			children = (
				251D1F7D22403DAE00AD7CE4 /* Team_Kookaburra_ChessUITests.swift */,
				251D1F7F22403DAE00AD7CE4 /* Info.plist */,
			);
			path = "Team Kookaburra ChessUITests";
			sourceTree = "<group>";
		};
		251D202B22431F2C00AD7CE4 /* Images */ = {
			isa = PBXGroup;
			children = (
				252A35EF22442A9200FE6A09 /* blackBishop.png */,
				259FEDA9224949F3006BE3E8 /* blackBatteringRam.png */,
				254C147A2247E6AA004359CE /* blackDwarf.png */,
				254C14802247E6B9004359CE /* blackGhostQueen.png */,
				259FED9B22493C0F006BE3E8 /* blackBasilisk.png */,
				254C14822247E6BF004359CE /* blackGoblin.png */,
				252A35F12244323500FE6A09 /* blackKnight.png */,
				259FED9D22493C16006BE3E8 /* blackFireDragon.png */,
				25BC7376224822600083D24E /* blackElephant.png */,
				25DEFD40224896E40024A78A /* blackArcher.png */,
				254C147C2247E6B0004359CE /* blackFootsoldier.png */,
				259FEDAD2249BF65006BE3E8 /* blackRightyElf.png */,
				259FEDA7224949ED006BE3E8 /* blackShip.png */,
				259FEDB32249BFD3006BE3E8 /* blackLeftyElf.png */,
				25DEFD42224896E80024A78A /* blackDemon.png */,
				259FED9F22493C1E006BE3E8 /* blackIceDragon.png */,
				25DEFD44224896EF0024A78A /* blackGuard.png */,
				259FEDAF2249BF6C006BE3E8 /* blackTrebuchet.png */,
				25BC73782248226A0083D24E /* blackManAtArms.png */,
				254C147E2247E6B5004359CE /* blackGargoyle.png */,
				259FEDA322493C3C006BE3E8 /* blackMonopod.png */,
				25BC737A2248226F0083D24E /* blackOgre.png */,
				259FEDA122493C24006BE3E8 /* blackMinotaur.png */,
				25DEFD46224896F80024A78A /* blackSwordsman.png */,
				25DEFD482248970A0024A78A /* blackPikeman.png */,
				254C14782247D67C004359CE /* blackKing.png */,
				25BC737E224822840083D24E /* blackScout.png */,
				25BC737C224822750083D24E /* blackOrcWarrior.png */,
				254C14842247E76A004359CE /* blackMonk.png */,
				252A35EB2244150200FE6A09 /* blackPawn.png */,
				254C14762247D675004359CE /* blackQueen.png */,
				252A35E9224414F600FE6A09 /* blankPiece.png */,
				251D202C22431F3800AD7CE4 /* testRook.png */,
			);
			path = Images;
			sourceTree = "<group>";
		};
/* End PBXGroup section */

/* Begin PBXNativeTarget section */
		251D1F5322403DAD00AD7CE4 /* Team Kookaburra Chess */ = {
			isa = PBXNativeTarget;
			buildConfigurationList = 251D1F8222403DAE00AD7CE4 /* Build configuration list for PBXNativeTarget "Team Kookaburra Chess" */;
			buildPhases = (
				251D1F5022403DAD00AD7CE4 /* Sources */,
				251D1F5122403DAD00AD7CE4 /* Frameworks */,
				251D1F5222403DAD00AD7CE4 /* Resources */,
			);
			buildRules = (
			);
			dependencies = (
			);
			name = "Team Kookaburra Chess";
			productName = "Team Kookaburra Chess";
			productReference = 251D1F5422403DAD00AD7CE4 /* Team Kookaburra Chess.app */;
			productType = "com.apple.product-type.application";
		};
		251D1F6D22403DAE00AD7CE4 /* Team Kookaburra ChessTests */ = {
			isa = PBXNativeTarget;
			buildConfigurationList = 251D1F8522403DAE00AD7CE4 /* Build configuration list for PBXNativeTarget "Team Kookaburra ChessTests" */;
			buildPhases = (
				251D1F6A22403DAE00AD7CE4 /* Sources */,
				251D1F6B22403DAE00AD7CE4 /* Frameworks */,
				251D1F6C22403DAE00AD7CE4 /* Resources */,
			);
			buildRules = (
			);
			dependencies = (
				251D1F7022403DAE00AD7CE4 /* PBXTargetDependency */,
			);
			name = "Team Kookaburra ChessTests";
			productName = "Team Kookaburra ChessTests";
			productReference = 251D1F6E22403DAE00AD7CE4 /* Team Kookaburra ChessTests.xctest */;
			productType = "com.apple.product-type.bundle.unit-test";
		};
		251D1F7822403DAE00AD7CE4 /* Team Kookaburra ChessUITests */ = {
			isa = PBXNativeTarget;
			buildConfigurationList = 251D1F8822403DAE00AD7CE4 /* Build configuration list for PBXNativeTarget "Team Kookaburra ChessUITests" */;
			buildPhases = (
				251D1F7522403DAE00AD7CE4 /* Sources */,
				251D1F7622403DAE00AD7CE4 /* Frameworks */,
				251D1F7722403DAE00AD7CE4 /* Resources */,
			);
			buildRules = (
			);
			dependencies = (
				251D1F7B22403DAE00AD7CE4 /* PBXTargetDependency */,
			);
			name = "Team Kookaburra ChessUITests";
			productName = "Team Kookaburra ChessUITests";
			productReference = 251D1F7922403DAE00AD7CE4 /* Team Kookaburra ChessUITests.xctest */;
			productType = "com.apple.product-type.bundle.ui-testing";
		};
/* End PBXNativeTarget section */

/* Begin PBXProject section */
		251D1F4C22403DAD00AD7CE4 /* Project object */ = {
			isa = PBXProject;
			attributes = {
				LastSwiftUpdateCheck = 1010;
				LastUpgradeCheck = 1010;
				ORGANIZATIONNAME = "Christopher Blake Cassell Erquiaga";
				TargetAttributes = {
					251D1F5322403DAD00AD7CE4 = {
						CreatedOnToolsVersion = 10.1;
					};
					251D1F6D22403DAE00AD7CE4 = {
						CreatedOnToolsVersion = 10.1;
						TestTargetID = 251D1F5322403DAD00AD7CE4;
					};
					251D1F7822403DAE00AD7CE4 = {
						CreatedOnToolsVersion = 10.1;
						TestTargetID = 251D1F5322403DAD00AD7CE4;
					};
				};
			};
			buildConfigurationList = 251D1F4F22403DAD00AD7CE4 /* Build configuration list for PBXProject "Team Kookaburra Chess" */;
			compatibilityVersion = "Xcode 9.3";
			developmentRegion = en;
			hasScannedForEncodings = 0;
			knownRegions = (
				en,
				Base,
			);
			mainGroup = 251D1F4B22403DAD00AD7CE4;
			productRefGroup = 251D1F5522403DAD00AD7CE4 /* Products */;
			projectDirPath = "";
			projectRoot = "";
			targets = (
				251D1F5322403DAD00AD7CE4 /* Team Kookaburra Chess */,
				251D1F6D22403DAE00AD7CE4 /* Team Kookaburra ChessTests */,
				251D1F7822403DAE00AD7CE4 /* Team Kookaburra ChessUITests */,
			);
		};
/* End PBXProject section */

/* Begin PBXResourcesBuildPhase section */
		251D1F5222403DAD00AD7CE4 /* Resources */ = {
			isa = PBXResourcesBuildPhase;
			buildActionMask = 2147483647;
			files = (
				259FEDB02249BF6C006BE3E8 /* blackTrebuchet.png in Resources */,
				25DEFD492248970A0024A78A /* blackPikeman.png in Resources */,
				25DEFD45224896EF0024A78A /* blackGuard.png in Resources */,
				252A35EC2244150200FE6A09 /* blackPawn.png in Resources */,
				259FEDB42249BFD3006BE3E8 /* blackLeftyElf.png in Resources */,
				254C14852247E76A004359CE /* blackMonk.png in Resources */,
				251D1F6322403DAD00AD7CE4 /* Main.storyboard in Resources */,
				254C147D2247E6B0004359CE /* blackFootsoldier.png in Resources */,
				254C147B2247E6AA004359CE /* blackDwarf.png in Resources */,
				25BC73792248226A0083D24E /* blackManAtArms.png in Resources */,
				25BC737B2248226F0083D24E /* blackOgre.png in Resources */,
				254C14792247D67C004359CE /* blackKing.png in Resources */,
				252A35F022442A9200FE6A09 /* blackBishop.png in Resources */,
				25DEFD43224896E80024A78A /* blackDemon.png in Resources */,
				251D1F5A22403DAD00AD7CE4 /* GameScene.sks in Resources */,
				254C14772247D676004359CE /* blackQueen.png in Resources */,
				251D1F6522403DAE00AD7CE4 /* Assets.xcassets in Resources */,
				254C147F2247E6B5004359CE /* blackGargoyle.png in Resources */,
				259FEDA022493C1E006BE3E8 /* blackIceDragon.png in Resources */,
				254C14832247E6BF004359CE /* blackGoblin.png in Resources */,
				259FEDAE2249BF65006BE3E8 /* blackRightyElf.png in Resources */,
				25BC737D224822750083D24E /* blackOrcWarrior.png in Resources */,
				25BC7377224822600083D24E /* blackElephant.png in Resources */,
				259FED9E22493C16006BE3E8 /* blackFireDragon.png in Resources */,
				259FED9C22493C0F006BE3E8 /* blackBasilisk.png in Resources */,
				252A35F22244323600FE6A09 /* blackKnight.png in Resources */,
				259FEDAA224949F3006BE3E8 /* blackBatteringRam.png in Resources */,
				259FEDA8224949ED006BE3E8 /* blackShip.png in Resources */,
				259FEDA222493C24006BE3E8 /* blackMinotaur.png in Resources */,
				252A35EA224414F600FE6A09 /* blankPiece.png in Resources */,
				25DEFD41224896E40024A78A /* blackArcher.png in Resources */,
				25BC737F224822840083D24E /* blackScout.png in Resources */,
				251D1F6822403DAE00AD7CE4 /* LaunchScreen.storyboard in Resources */,
				259FEDA422493C3C006BE3E8 /* blackMonopod.png in Resources */,
				254C14812247E6B9004359CE /* blackGhostQueen.png in Resources */,
				25DEFD47224896F80024A78A /* blackSwordsman.png in Resources */,
				251D1F5C22403DAD00AD7CE4 /* Actions.sks in Resources */,
				259FEDA6224949DE006BE3E8 /* blackBallista.png in Resources */,
			);
			runOnlyForDeploymentPostprocessing = 0;
		};
		251D1F6C22403DAE00AD7CE4 /* Resources */ = {
			isa = PBXResourcesBuildPhase;
			buildActionMask = 2147483647;
			files = (
			);
			runOnlyForDeploymentPostprocessing = 0;
		};
		251D1F7722403DAE00AD7CE4 /* Resources */ = {
			isa = PBXResourcesBuildPhase;
			buildActionMask = 2147483647;
			files = (
			);
			runOnlyForDeploymentPostprocessing = 0;
		};
/* End PBXResourcesBuildPhase section */

/* Begin PBXSourcesBuildPhase section */
		251D1F5022403DAD00AD7CE4 /* Sources */ = {
			isa = PBXSourcesBuildPhase;
			buildActionMask = 2147483647;
			files = (
				251D1F9C2240760B00AD7CE4 /* history.swift in Sources */,
				251D1F5E22403DAD00AD7CE4 /* GameScene.swift in Sources */,
				889C82642241651D00B77A21 /* LaunchScreen.swift in Sources */,
				251D1F902240746C00AD7CE4 /* BoardIndex.swift in Sources */,
				251D1F6022403DAD00AD7CE4 /* GameViewController.swift in Sources */,
				251D1F962240751500AD7CE4 /* chessPiece.swift in Sources */,
				251D1F9A224075CE00AD7CE4 /* chessView.swift in Sources */,
				251D1F8E2240743D00AD7CE4 /* BoardCelll.swift in Sources */,
				251D1F92224074A800AD7CE4 /* chessBoard.swift in Sources */,
				251D1F9E22407A7700AD7CE4 /* AppDelegate.swift in Sources */,
				251D1F982240757800AD7CE4 /* chessVC.swift in Sources */,
			);
			runOnlyForDeploymentPostprocessing = 0;
		};
		251D1F6A22403DAE00AD7CE4 /* Sources */ = {
			isa = PBXSourcesBuildPhase;
			buildActionMask = 2147483647;
			files = (
				251D1F7322403DAE00AD7CE4 /* Team_Kookaburra_ChessTests.swift in Sources */,
			);
			runOnlyForDeploymentPostprocessing = 0;
		};
		251D1F7522403DAE00AD7CE4 /* Sources */ = {
			isa = PBXSourcesBuildPhase;
			buildActionMask = 2147483647;
			files = (
				251D1F7E22403DAE00AD7CE4 /* Team_Kookaburra_ChessUITests.swift in Sources */,
			);
			runOnlyForDeploymentPostprocessing = 0;
		};
/* End PBXSourcesBuildPhase section */

/* Begin PBXTargetDependency section */
		251D1F7022403DAE00AD7CE4 /* PBXTargetDependency */ = {
			isa = PBXTargetDependency;
			target = 251D1F5322403DAD00AD7CE4 /* Team Kookaburra Chess */;
			targetProxy = 251D1F6F22403DAE00AD7CE4 /* PBXContainerItemProxy */;
		};
		251D1F7B22403DAE00AD7CE4 /* PBXTargetDependency */ = {
			isa = PBXTargetDependency;
			target = 251D1F5322403DAD00AD7CE4 /* Team Kookaburra Chess */;
			targetProxy = 251D1F7A22403DAE00AD7CE4 /* PBXContainerItemProxy */;
		};
/* End PBXTargetDependency section */

/* Begin PBXVariantGroup section */
		251D1F6122403DAD00AD7CE4 /* Main.storyboard */ = {
			isa = PBXVariantGroup;
			children = (
				251D1F6222403DAD00AD7CE4 /* Base */,
			);
			name = Main.storyboard;
			sourceTree = "<group>";
		};
		251D1F6622403DAE00AD7CE4 /* LaunchScreen.storyboard */ = {
			isa = PBXVariantGroup;
			children = (
				251D1F6722403DAE00AD7CE4 /* Base */,
			);
			name = LaunchScreen.storyboard;
			sourceTree = "<group>";
		};
/* End PBXVariantGroup section */

/* Begin XCBuildConfiguration section */
		251D1F8022403DAE00AD7CE4 /* Debug */ = {
			isa = XCBuildConfiguration;
			buildSettings = {
				ALWAYS_SEARCH_USER_PATHS = NO;
				CLANG_ANALYZER_NONNULL = YES;
				CLANG_ANALYZER_NUMBER_OBJECT_CONVERSION = YES_AGGRESSIVE;
				CLANG_CXX_LANGUAGE_STANDARD = "gnu++14";
				CLANG_CXX_LIBRARY = "libc++";
				CLANG_ENABLE_MODULES = YES;
				CLANG_ENABLE_OBJC_ARC = YES;
				CLANG_ENABLE_OBJC_WEAK = YES;
				CLANG_WARN_BLOCK_CAPTURE_AUTORELEASING = YES;
				CLANG_WARN_BOOL_CONVERSION = YES;
				CLANG_WARN_COMMA = YES;
				CLANG_WARN_CONSTANT_CONVERSION = YES;
				CLANG_WARN_DEPRECATED_OBJC_IMPLEMENTATIONS = YES;
				CLANG_WARN_DIRECT_OBJC_ISA_USAGE = YES_ERROR;
				CLANG_WARN_DOCUMENTATION_COMMENTS = YES;
				CLANG_WARN_EMPTY_BODY = YES;
				CLANG_WARN_ENUM_CONVERSION = YES;
				CLANG_WARN_INFINITE_RECURSION = YES;
				CLANG_WARN_INT_CONVERSION = YES;
				CLANG_WARN_NON_LITERAL_NULL_CONVERSION = YES;
				CLANG_WARN_OBJC_IMPLICIT_RETAIN_SELF = YES;
				CLANG_WARN_OBJC_LITERAL_CONVERSION = YES;
				CLANG_WARN_OBJC_ROOT_CLASS = YES_ERROR;
				CLANG_WARN_RANGE_LOOP_ANALYSIS = YES;
				CLANG_WARN_STRICT_PROTOTYPES = YES;
				CLANG_WARN_SUSPICIOUS_MOVE = YES;
				CLANG_WARN_UNGUARDED_AVAILABILITY = YES_AGGRESSIVE;
				CLANG_WARN_UNREACHABLE_CODE = YES;
				CLANG_WARN__DUPLICATE_METHOD_MATCH = YES;
				CODE_SIGN_IDENTITY = "iPhone Developer";
				COPY_PHASE_STRIP = NO;
				DEBUG_INFORMATION_FORMAT = dwarf;
				ENABLE_STRICT_OBJC_MSGSEND = YES;
				ENABLE_TESTABILITY = YES;
				GCC_C_LANGUAGE_STANDARD = gnu11;
				GCC_DYNAMIC_NO_PIC = NO;
				GCC_NO_COMMON_BLOCKS = YES;
				GCC_OPTIMIZATION_LEVEL = 0;
				GCC_PREPROCESSOR_DEFINITIONS = (
					"DEBUG=1",
					"$(inherited)",
				);
				GCC_WARN_64_TO_32_BIT_CONVERSION = YES;
				GCC_WARN_ABOUT_RETURN_TYPE = YES_ERROR;
				GCC_WARN_UNDECLARED_SELECTOR = YES;
				GCC_WARN_UNINITIALIZED_AUTOS = YES_AGGRESSIVE;
				GCC_WARN_UNUSED_FUNCTION = YES;
				GCC_WARN_UNUSED_VARIABLE = YES;
				IPHONEOS_DEPLOYMENT_TARGET = 12.1;
				MTL_ENABLE_DEBUG_INFO = INCLUDE_SOURCE;
				MTL_FAST_MATH = YES;
				ONLY_ACTIVE_ARCH = YES;
				SDKROOT = iphoneos;
				SWIFT_ACTIVE_COMPILATION_CONDITIONS = DEBUG;
				SWIFT_OPTIMIZATION_LEVEL = "-Onone";
			};
			name = Debug;
		};
		251D1F8122403DAE00AD7CE4 /* Release */ = {
			isa = XCBuildConfiguration;
			buildSettings = {
				ALWAYS_SEARCH_USER_PATHS = NO;
				CLANG_ANALYZER_NONNULL = YES;
				CLANG_ANALYZER_NUMBER_OBJECT_CONVERSION = YES_AGGRESSIVE;
				CLANG_CXX_LANGUAGE_STANDARD = "gnu++14";
				CLANG_CXX_LIBRARY = "libc++";
				CLANG_ENABLE_MODULES = YES;
				CLANG_ENABLE_OBJC_ARC = YES;
				CLANG_ENABLE_OBJC_WEAK = YES;
				CLANG_WARN_BLOCK_CAPTURE_AUTORELEASING = YES;
				CLANG_WARN_BOOL_CONVERSION = YES;
				CLANG_WARN_COMMA = YES;
				CLANG_WARN_CONSTANT_CONVERSION = YES;
				CLANG_WARN_DEPRECATED_OBJC_IMPLEMENTATIONS = YES;
				CLANG_WARN_DIRECT_OBJC_ISA_USAGE = YES_ERROR;
				CLANG_WARN_DOCUMENTATION_COMMENTS = YES;
				CLANG_WARN_EMPTY_BODY = YES;
				CLANG_WARN_ENUM_CONVERSION = YES;
				CLANG_WARN_INFINITE_RECURSION = YES;
				CLANG_WARN_INT_CONVERSION = YES;
				CLANG_WARN_NON_LITERAL_NULL_CONVERSION = YES;
				CLANG_WARN_OBJC_IMPLICIT_RETAIN_SELF = YES;
				CLANG_WARN_OBJC_LITERAL_CONVERSION = YES;
				CLANG_WARN_OBJC_ROOT_CLASS = YES_ERROR;
				CLANG_WARN_RANGE_LOOP_ANALYSIS = YES;
				CLANG_WARN_STRICT_PROTOTYPES = YES;
				CLANG_WARN_SUSPICIOUS_MOVE = YES;
				CLANG_WARN_UNGUARDED_AVAILABILITY = YES_AGGRESSIVE;
				CLANG_WARN_UNREACHABLE_CODE = YES;
				CLANG_WARN__DUPLICATE_METHOD_MATCH = YES;
				CODE_SIGN_IDENTITY = "iPhone Developer";
				COPY_PHASE_STRIP = NO;
				DEBUG_INFORMATION_FORMAT = "dwarf-with-dsym";
				ENABLE_NS_ASSERTIONS = NO;
				ENABLE_STRICT_OBJC_MSGSEND = YES;
				GCC_C_LANGUAGE_STANDARD = gnu11;
				GCC_NO_COMMON_BLOCKS = YES;
				GCC_WARN_64_TO_32_BIT_CONVERSION = YES;
				GCC_WARN_ABOUT_RETURN_TYPE = YES_ERROR;
				GCC_WARN_UNDECLARED_SELECTOR = YES;
				GCC_WARN_UNINITIALIZED_AUTOS = YES_AGGRESSIVE;
				GCC_WARN_UNUSED_FUNCTION = YES;
				GCC_WARN_UNUSED_VARIABLE = YES;
				IPHONEOS_DEPLOYMENT_TARGET = 12.1;
				MTL_ENABLE_DEBUG_INFO = NO;
				MTL_FAST_MATH = YES;
				SDKROOT = iphoneos;
				SWIFT_COMPILATION_MODE = wholemodule;
				SWIFT_OPTIMIZATION_LEVEL = "-O";
				VALIDATE_PRODUCT = YES;
			};
			name = Release;
		};
		251D1F8322403DAE00AD7CE4 /* Debug */ = {
			isa = XCBuildConfiguration;
			buildSettings = {
				ASSETCATALOG_COMPILER_APPICON_NAME = AppIcon;
				CODE_SIGN_STYLE = Automatic;
				DEVELOPMENT_TEAM = 63HJ367J2T;
				INFOPLIST_FILE = "Team Kookaburra Chess/Info.plist";
				LD_RUNPATH_SEARCH_PATHS = (
					"$(inherited)",
					"@executable_path/Frameworks",
				);
				PRODUCT_BUNDLE_IDENTIFIER = "CBCE.Team-Kookaburra-Chess";
				PRODUCT_NAME = "$(TARGET_NAME)";
				SWIFT_VERSION = 4.2;
				TARGETED_DEVICE_FAMILY = "1,2";
			};
			name = Debug;
		};
		251D1F8422403DAE00AD7CE4 /* Release */ = {
			isa = XCBuildConfiguration;
			buildSettings = {
				ASSETCATALOG_COMPILER_APPICON_NAME = AppIcon;
				CODE_SIGN_STYLE = Automatic;
				DEVELOPMENT_TEAM = 63HJ367J2T;
				INFOPLIST_FILE = "Team Kookaburra Chess/Info.plist";
				LD_RUNPATH_SEARCH_PATHS = (
					"$(inherited)",
					"@executable_path/Frameworks",
				);
				PRODUCT_BUNDLE_IDENTIFIER = "CBCE.Team-Kookaburra-Chess";
				PRODUCT_NAME = "$(TARGET_NAME)";
				SWIFT_VERSION = 4.2;
				TARGETED_DEVICE_FAMILY = "1,2";
			};
			name = Release;
		};
		251D1F8622403DAE00AD7CE4 /* Debug */ = {
			isa = XCBuildConfiguration;
			buildSettings = {
				ALWAYS_EMBED_SWIFT_STANDARD_LIBRARIES = YES;
				BUNDLE_LOADER = "$(TEST_HOST)";
				CODE_SIGN_STYLE = Automatic;
				DEVELOPMENT_TEAM = 63HJ367J2T;
				INFOPLIST_FILE = "Team Kookaburra ChessTests/Info.plist";
				LD_RUNPATH_SEARCH_PATHS = (
					"$(inherited)",
					"@executable_path/Frameworks",
					"@loader_path/Frameworks",
				);
				PRODUCT_BUNDLE_IDENTIFIER = "CBCE.Team-Kookaburra-ChessTests";
				PRODUCT_NAME = "$(TARGET_NAME)";
				SWIFT_VERSION = 4.2;
				TARGETED_DEVICE_FAMILY = "1,2";
				TEST_HOST = "$(BUILT_PRODUCTS_DIR)/Team Kookaburra Chess.app/Team Kookaburra Chess";
			};
			name = Debug;
		};
		251D1F8722403DAE00AD7CE4 /* Release */ = {
			isa = XCBuildConfiguration;
			buildSettings = {
				ALWAYS_EMBED_SWIFT_STANDARD_LIBRARIES = YES;
				BUNDLE_LOADER = "$(TEST_HOST)";
				CODE_SIGN_STYLE = Automatic;
				DEVELOPMENT_TEAM = 63HJ367J2T;
				INFOPLIST_FILE = "Team Kookaburra ChessTests/Info.plist";
				LD_RUNPATH_SEARCH_PATHS = (
					"$(inherited)",
					"@executable_path/Frameworks",
					"@loader_path/Frameworks",
				);
				PRODUCT_BUNDLE_IDENTIFIER = "CBCE.Team-Kookaburra-ChessTests";
				PRODUCT_NAME = "$(TARGET_NAME)";
				SWIFT_VERSION = 4.2;
				TARGETED_DEVICE_FAMILY = "1,2";
				TEST_HOST = "$(BUILT_PRODUCTS_DIR)/Team Kookaburra Chess.app/Team Kookaburra Chess";
			};
			name = Release;
		};
		251D1F8922403DAE00AD7CE4 /* Debug */ = {
			isa = XCBuildConfiguration;
			buildSettings = {
				ALWAYS_EMBED_SWIFT_STANDARD_LIBRARIES = YES;
				CODE_SIGN_STYLE = Automatic;
				DEVELOPMENT_TEAM = 63HJ367J2T;
				INFOPLIST_FILE = "Team Kookaburra ChessUITests/Info.plist";
				LD_RUNPATH_SEARCH_PATHS = (
					"$(inherited)",
					"@executable_path/Frameworks",
					"@loader_path/Frameworks",
				);
				PRODUCT_BUNDLE_IDENTIFIER = "CBCE.Team-Kookaburra-ChessUITests";
				PRODUCT_NAME = "$(TARGET_NAME)";
				SWIFT_VERSION = 4.2;
				TARGETED_DEVICE_FAMILY = "1,2";
				TEST_TARGET_NAME = "Team Kookaburra Chess";
			};
			name = Debug;
		};
		251D1F8A22403DAE00AD7CE4 /* Release */ = {
			isa = XCBuildConfiguration;
			buildSettings = {
				ALWAYS_EMBED_SWIFT_STANDARD_LIBRARIES = YES;
				CODE_SIGN_STYLE = Automatic;
				DEVELOPMENT_TEAM = 63HJ367J2T;
				INFOPLIST_FILE = "Team Kookaburra ChessUITests/Info.plist";
				LD_RUNPATH_SEARCH_PATHS = (
					"$(inherited)",
					"@executable_path/Frameworks",
					"@loader_path/Frameworks",
				);
				PRODUCT_BUNDLE_IDENTIFIER = "CBCE.Team-Kookaburra-ChessUITests";
				PRODUCT_NAME = "$(TARGET_NAME)";
				SWIFT_VERSION = 4.2;
				TARGETED_DEVICE_FAMILY = "1,2";
				TEST_TARGET_NAME = "Team Kookaburra Chess";
			};
			name = Release;
		};
/* End XCBuildConfiguration section */

/* Begin XCConfigurationList section */
		251D1F4F22403DAD00AD7CE4 /* Build configuration list for PBXProject "Team Kookaburra Chess" */ = {
			isa = XCConfigurationList;
			buildConfigurations = (
				251D1F8022403DAE00AD7CE4 /* Debug */,
				251D1F8122403DAE00AD7CE4 /* Release */,
			);
			defaultConfigurationIsVisible = 0;
			defaultConfigurationName = Release;
		};
		251D1F8222403DAE00AD7CE4 /* Build configuration list for PBXNativeTarget "Team Kookaburra Chess" */ = {
			isa = XCConfigurationList;
			buildConfigurations = (
				251D1F8322403DAE00AD7CE4 /* Debug */,
				251D1F8422403DAE00AD7CE4 /* Release */,
			);
			defaultConfigurationIsVisible = 0;
			defaultConfigurationName = Release;
		};
		251D1F8522403DAE00AD7CE4 /* Build configuration list for PBXNativeTarget "Team Kookaburra ChessTests" */ = {
			isa = XCConfigurationList;
			buildConfigurations = (
				251D1F8622403DAE00AD7CE4 /* Debug */,
				251D1F8722403DAE00AD7CE4 /* Release */,
			);
			defaultConfigurationIsVisible = 0;
			defaultConfigurationName = Release;
		};
		251D1F8822403DAE00AD7CE4 /* Build configuration list for PBXNativeTarget "Team Kookaburra ChessUITests" */ = {
			isa = XCConfigurationList;
			buildConfigurations = (
				251D1F8922403DAE00AD7CE4 /* Debug */,
				251D1F8A22403DAE00AD7CE4 /* Release */,
			);
			defaultConfigurationIsVisible = 0;
			defaultConfigurationName = Release;
		};
/* End XCConfigurationList section */
	};
	rootObject = 251D1F4C22403DAD00AD7CE4 /* Project object */;
}
