// !$*UTF8*$!
{
	archiveVersion = 1;
	classes = {
	};
	objectVersion = 50;
	objects = {

/* Begin PBXBuildFile section */
		251D1F5A22403DAD00AD7CE4 /* GameScene.sks in Resources */ = {isa = PBXBuildFile; fileRef = 251D1F5922403DAD00AD7CE4 /* GameScene.sks */; };
		251D1F5C22403DAD00AD7CE4 /* Actions.sks in Resources */ = {isa = PBXBuildFile; fileRef = 251D1F5B22403DAD00AD7CE4 /* Actions.sks */; };
		251D1F5E22403DAD00AD7CE4 /* GameScene.swift in Sources */ = {isa = PBXBuildFile; fileRef = 251D1F5D22403DAD00AD7CE4 /* GameScene.swift */; };
		251D1F6022403DAD00AD7CE4 /* GameViewController.swift in Sources */ = {isa = PBXBuildFile; fileRef = 251D1F5F22403DAD00AD7CE4 /* GameViewController.swift */; };
		251D1F6322403DAD00AD7CE4 /* Main.storyboard in Resources */ = {isa = PBXBuildFile; fileRef = 251D1F6122403DAD00AD7CE4 /* Main.storyboard */; };
		251D1F6522403DAE00AD7CE4 /* Assets.xcassets in Resources */ = {isa = PBXBuildFile; fileRef = 251D1F6422403DAE00AD7CE4 /* Assets.xcassets */; };
		251D1F7322403DAE00AD7CE4 /* Team_Kookaburra_ChessTests.swift in Sources */ = {isa = PBXBuildFile; fileRef = 251D1F7222403DAE00AD7CE4 /* Team_Kookaburra_ChessTests.swift */; };
		251D1F7E22403DAE00AD7CE4 /* Team_Kookaburra_ChessUITests.swift in Sources */ = {isa = PBXBuildFile; fileRef = 251D1F7D22403DAE00AD7CE4 /* Team_Kookaburra_ChessUITests.swift */; };
		251D1F8E2240743D00AD7CE4 /* BoardCelll.swift in Sources */ = {isa = PBXBuildFile; fileRef = 251D1F8D2240743D00AD7CE4 /* BoardCelll.swift */; };
		251D1F902240746C00AD7CE4 /* BoardIndex.swift in Sources */ = {isa = PBXBuildFile; fileRef = 251D1F8F2240746C00AD7CE4 /* BoardIndex.swift */; };
		251D1F92224074A800AD7CE4 /* chessBoard.swift in Sources */ = {isa = PBXBuildFile; fileRef = 251D1F91224074A800AD7CE4 /* chessBoard.swift */; };
		251D1F962240751500AD7CE4 /* chessPiece.swift in Sources */ = {isa = PBXBuildFile; fileRef = 251D1F952240751500AD7CE4 /* chessPiece.swift */; };
		251D1F982240757800AD7CE4 /* chessVC.swift in Sources */ = {isa = PBXBuildFile; fileRef = 251D1F972240757800AD7CE4 /* chessVC.swift */; };
		251D1F9A224075CE00AD7CE4 /* chessView.swift in Sources */ = {isa = PBXBuildFile; fileRef = 251D1F99224075CE00AD7CE4 /* chessView.swift */; };
		251D1F9C2240760B00AD7CE4 /* history.swift in Sources */ = {isa = PBXBuildFile; fileRef = 251D1F9B2240760B00AD7CE4 /* history.swift */; };
		251D1F9E22407A7700AD7CE4 /* AppDelegate.swift in Sources */ = {isa = PBXBuildFile; fileRef = 251D1F9D22407A7700AD7CE4 /* AppDelegate.swift */; };
		252A35EA224414F600FE6A09 /* blankPiece.png in Resources */ = {isa = PBXBuildFile; fileRef = 252A35E9224414F600FE6A09 /* blankPiece.png */; };
		252A35EC2244150200FE6A09 /* blackPawn.png in Resources */ = {isa = PBXBuildFile; fileRef = 252A35EB2244150200FE6A09 /* blackPawn.png */; };
		252A35F022442A9200FE6A09 /* blackBishop.png in Resources */ = {isa = PBXBuildFile; fileRef = 252A35EF22442A9200FE6A09 /* blackBishop.png */; };
		252A35F22244323600FE6A09 /* blackKnight.png in Resources */ = {isa = PBXBuildFile; fileRef = 252A35F12244323500FE6A09 /* blackKnight.png */; };
		25415E31224A981000B7E13E /* blackBombard.png in Resources */ = {isa = PBXBuildFile; fileRef = 25415E30224A981000B7E13E /* blackBombard.png */; };
		25415E33224A981500B7E13E /* blackDragonRider.png in Resources */ = {isa = PBXBuildFile; fileRef = 25415E32224A981500B7E13E /* blackDragonRider.png */; };
		25415E35224A981C00B7E13E /* blackGriffin.png in Resources */ = {isa = PBXBuildFile; fileRef = 25415E34224A981C00B7E13E /* blackGriffin.png */; };
		25415E37224A982A00B7E13E /* blackUnicorn.png in Resources */ = {isa = PBXBuildFile; fileRef = 25415E36224A982A00B7E13E /* blackUnicorn.png */; };
		25415E39224A983100B7E13E /* blackSuperking.png in Resources */ = {isa = PBXBuildFile; fileRef = 25415E38224A983100B7E13E /* blackSuperking.png */; };
		25415E3B224A989400B7E13E /* blackManticore.png in Resources */ = {isa = PBXBuildFile; fileRef = 25415E3A224A989400B7E13E /* blackManticore.png */; };
		254815072252DF5D007C1174 /* LevelUpProgress.swift in Sources */ = {isa = PBXBuildFile; fileRef = 254815062252DF5D007C1174 /* LevelUpProgress.swift */; };
		254C14772247D676004359CE /* blackQueen.png in Resources */ = {isa = PBXBuildFile; fileRef = 254C14762247D675004359CE /* blackQueen.png */; };
		254C14792247D67C004359CE /* blackKing.png in Resources */ = {isa = PBXBuildFile; fileRef = 254C14782247D67C004359CE /* blackKing.png */; };
		254C147B2247E6AA004359CE /* blackDwarf.png in Resources */ = {isa = PBXBuildFile; fileRef = 254C147A2247E6AA004359CE /* blackDwarf.png */; };
		254C147F2247E6B5004359CE /* blackGargoyle.png in Resources */ = {isa = PBXBuildFile; fileRef = 254C147E2247E6B5004359CE /* blackGargoyle.png */; };
		254C14812247E6B9004359CE /* blackGhostQueen.png in Resources */ = {isa = PBXBuildFile; fileRef = 254C14802247E6B9004359CE /* blackGhostQueen.png */; };
		254C14832247E6BF004359CE /* blackGoblin.png in Resources */ = {isa = PBXBuildFile; fileRef = 254C14822247E6BF004359CE /* blackGoblin.png */; };
		254C14852247E76A004359CE /* blackMonk.png in Resources */ = {isa = PBXBuildFile; fileRef = 254C14842247E76A004359CE /* blackMonk.png */; };
		258FEECD22527AF3007ED10C /* bronzeDemotionBanner.png in Resources */ = {isa = PBXBuildFile; fileRef = 258FEECC22527AF2007ED10C /* bronzeDemotionBanner.png */; };
		258FEECF22527AF8007ED10C /* championBanner.png in Resources */ = {isa = PBXBuildFile; fileRef = 258FEECE22527AF8007ED10C /* championBanner.png */; };
		258FEED922527B0A007ED10C /* silverPromotionBanner.png in Resources */ = {isa = PBXBuildFile; fileRef = 258FEED022527B09007ED10C /* silverPromotionBanner.png */; };
		258FEEDA22527B0A007ED10C /* rankGold.png in Resources */ = {isa = PBXBuildFile; fileRef = 258FEED122527B09007ED10C /* rankGold.png */; };
		258FEEDB22527B0A007ED10C /* rankBronze.png in Resources */ = {isa = PBXBuildFile; fileRef = 258FEED222527B09007ED10C /* rankBronze.png */; };
		258FEEDC22527B0A007ED10C /* rankSilver.png in Resources */ = {isa = PBXBuildFile; fileRef = 258FEED322527B09007ED10C /* rankSilver.png */; };
		258FEEDD22527B0A007ED10C /* rankDiamond.png in Resources */ = {isa = PBXBuildFile; fileRef = 258FEED422527B09007ED10C /* rankDiamond.png */; };
		258FEEDE22527B0A007ED10C /* diamondPromotionBanner.png in Resources */ = {isa = PBXBuildFile; fileRef = 258FEED522527B09007ED10C /* diamondPromotionBanner.png */; };
		258FEEDF22527B0A007ED10C /* silverDemotionBanner.png in Resources */ = {isa = PBXBuildFile; fileRef = 258FEED622527B09007ED10C /* silverDemotionBanner.png */; };
		258FEEE022527B0A007ED10C /* goldPromotionBanner.png in Resources */ = {isa = PBXBuildFile; fileRef = 258FEED722527B0A007ED10C /* goldPromotionBanner.png */; };
		258FEEE122527B0A007ED10C /* goldDemotionBanner.png in Resources */ = {isa = PBXBuildFile; fileRef = 258FEED822527B0A007ED10C /* goldDemotionBanner.png */; };
		258FEEE3225290E0007ED10C /* demotionSymbol.png in Resources */ = {isa = PBXBuildFile; fileRef = 258FEEE2225290E0007ED10C /* demotionSymbol.png */; };
		258FEEE5225290E7007ED10C /* promotionSymbol.png in Resources */ = {isa = PBXBuildFile; fileRef = 258FEEE4225290E7007ED10C /* promotionSymbol.png */; };
		258FEEE7225290F7007ED10C /* championTrophy.png in Resources */ = {isa = PBXBuildFile; fileRef = 258FEEE6225290F7007ED10C /* championTrophy.png */; };
		258FEEE922529109007ED10C /* playerGold.png in Resources */ = {isa = PBXBuildFile; fileRef = 258FEEE822529108007ED10C /* playerGold.png */; };
		259FED9C22493C0F006BE3E8 /* blackBasilisk.png in Resources */ = {isa = PBXBuildFile; fileRef = 259FED9B22493C0F006BE3E8 /* blackBasilisk.png */; };
		259FED9E22493C16006BE3E8 /* blackFireDragon.png in Resources */ = {isa = PBXBuildFile; fileRef = 259FED9D22493C16006BE3E8 /* blackFireDragon.png */; };
		259FEDA022493C1E006BE3E8 /* blackIceDragon.png in Resources */ = {isa = PBXBuildFile; fileRef = 259FED9F22493C1E006BE3E8 /* blackIceDragon.png */; };
		259FEDA222493C24006BE3E8 /* blackMinotaur.png in Resources */ = {isa = PBXBuildFile; fileRef = 259FEDA122493C24006BE3E8 /* blackMinotaur.png */; };
		259FEDA422493C3C006BE3E8 /* blackMonopod.png in Resources */ = {isa = PBXBuildFile; fileRef = 259FEDA322493C3C006BE3E8 /* blackMonopod.png */; };
		259FEDA6224949DE006BE3E8 /* blackBallista.png in Resources */ = {isa = PBXBuildFile; fileRef = 259FEDA5224949DE006BE3E8 /* blackBallista.png */; };
		259FEDA8224949ED006BE3E8 /* blackShip.png in Resources */ = {isa = PBXBuildFile; fileRef = 259FEDA7224949ED006BE3E8 /* blackShip.png */; };
		259FEDAA224949F3006BE3E8 /* blackBatteringRam.png in Resources */ = {isa = PBXBuildFile; fileRef = 259FEDA9224949F3006BE3E8 /* blackBatteringRam.png */; };
		259FEDAE2249BF65006BE3E8 /* blackRightyElf.png in Resources */ = {isa = PBXBuildFile; fileRef = 259FEDAD2249BF65006BE3E8 /* blackRightyElf.png */; };
		259FEDB02249BF6C006BE3E8 /* blackTrebuchet.png in Resources */ = {isa = PBXBuildFile; fileRef = 259FEDAF2249BF6C006BE3E8 /* blackTrebuchet.png */; };
		259FEDB42249BFD3006BE3E8 /* blackLeftyElf.png in Resources */ = {isa = PBXBuildFile; fileRef = 259FEDB32249BFD3006BE3E8 /* blackLeftyElf.png */; };
		259FEDB62249E7D3006BE3E8 /* blackMage.png in Resources */ = {isa = PBXBuildFile; fileRef = 259FEDB52249E7D3006BE3E8 /* blackMage.png */; };
		259FEDB82249E7DE006BE3E8 /* blackCamel.png in Resources */ = {isa = PBXBuildFile; fileRef = 259FEDB72249E7DE006BE3E8 /* blackCamel.png */; };
		259FEDBA2249E7E5006BE3E8 /* blackCentaur.png in Resources */ = {isa = PBXBuildFile; fileRef = 259FEDB92249E7E5006BE3E8 /* blackCentaur.png */; };
		25B31CF7224E8A61005BAAA8 /* blackFootsoldier.png in Resources */ = {isa = PBXBuildFile; fileRef = 254C147C2247E6B0004359CE /* blackFootsoldier.png */; };
		25B5F5CB22501AC700DF89FE /* whiteBasilisk.png in Resources */ = {isa = PBXBuildFile; fileRef = 25B5F5A122501AC300DF89FE /* whiteBasilisk.png */; };
		25B5F5CC22501AC700DF89FE /* whiteMonopod.png in Resources */ = {isa = PBXBuildFile; fileRef = 25B5F5A222501AC300DF89FE /* whiteMonopod.png */; };
		25B5F5CD22501AC700DF89FE /* whiteGargoyle.png in Resources */ = {isa = PBXBuildFile; fileRef = 25B5F5A322501AC300DF89FE /* whiteGargoyle.png */; };
		25B5F5CE22501AC700DF89FE /* whiteGriffin.png in Resources */ = {isa = PBXBuildFile; fileRef = 25B5F5A422501AC400DF89FE /* whiteGriffin.png */; };
		25B5F5CF22501AC700DF89FE /* whiteBishop.png in Resources */ = {isa = PBXBuildFile; fileRef = 25B5F5A522501AC400DF89FE /* whiteBishop.png */; };
		25B5F5D022501AC700DF89FE /* whitePawn.png in Resources */ = {isa = PBXBuildFile; fileRef = 25B5F5A622501AC400DF89FE /* whitePawn.png */; };
		25B5F5D122501AC700DF89FE /* whiteDemon.png in Resources */ = {isa = PBXBuildFile; fileRef = 25B5F5A722501AC400DF89FE /* whiteDemon.png */; };
		25B5F5D222501AC700DF89FE /* whiteManticore.png in Resources */ = {isa = PBXBuildFile; fileRef = 25B5F5A822501AC400DF89FE /* whiteManticore.png */; };
		25B5F5D322501AC700DF89FE /* whiteKing.png in Resources */ = {isa = PBXBuildFile; fileRef = 25B5F5A922501AC400DF89FE /* whiteKing.png */; };
		25B5F5D422501AC700DF89FE /* whiteManAtArms.png in Resources */ = {isa = PBXBuildFile; fileRef = 25B5F5AA22501AC400DF89FE /* whiteManAtArms.png */; };
		25B5F5D522501AC700DF89FE /* whiteRightyElf.png in Resources */ = {isa = PBXBuildFile; fileRef = 25B5F5AB22501AC400DF89FE /* whiteRightyElf.png */; };
		25B5F5D622501AC700DF89FE /* whiteMonk.png in Resources */ = {isa = PBXBuildFile; fileRef = 25B5F5AC22501AC400DF89FE /* whiteMonk.png */; };
		25B5F5D722501AC700DF89FE /* whiteBallista.png in Resources */ = {isa = PBXBuildFile; fileRef = 25B5F5AD22501AC400DF89FE /* whiteBallista.png */; };
		25B5F5D822501AC700DF89FE /* whiteFireDragon.png in Resources */ = {isa = PBXBuildFile; fileRef = 25B5F5AE22501AC400DF89FE /* whiteFireDragon.png */; };
		25B5F5D922501AC700DF89FE /* whiteBatteringRam.png in Resources */ = {isa = PBXBuildFile; fileRef = 25B5F5AF22501AC400DF89FE /* whiteBatteringRam.png */; };
		25B5F5DA22501AC700DF89FE /* whiteElephant.png in Resources */ = {isa = PBXBuildFile; fileRef = 25B5F5B022501AC500DF89FE /* whiteElephant.png */; };
		25B5F5DB22501AC700DF89FE /* whiteIceDragon.png in Resources */ = {isa = PBXBuildFile; fileRef = 25B5F5B122501AC500DF89FE /* whiteIceDragon.png */; };
		25B5F5DC22501AC700DF89FE /* whiteDragonRider.png in Resources */ = {isa = PBXBuildFile; fileRef = 25B5F5B222501AC500DF89FE /* whiteDragonRider.png */; };
		25B5F5DD22501AC700DF89FE /* whiteGhostQueen.png in Resources */ = {isa = PBXBuildFile; fileRef = 25B5F5B322501AC500DF89FE /* whiteGhostQueen.png */; };
		25B5F5DE22501AC700DF89FE /* whiteBombard.png in Resources */ = {isa = PBXBuildFile; fileRef = 25B5F5B422501AC500DF89FE /* whiteBombard.png */; };
		25B5F5DF22501AC700DF89FE /* whiteLeftyElf.png in Resources */ = {isa = PBXBuildFile; fileRef = 25B5F5B522501AC500DF89FE /* whiteLeftyElf.png */; };
		25B5F5E022501AC700DF89FE /* whiteKnight.png in Resources */ = {isa = PBXBuildFile; fileRef = 25B5F5B622501AC500DF89FE /* whiteKnight.png */; };
		25B5F5E122501AC700DF89FE /* whiteQueen.png in Resources */ = {isa = PBXBuildFile; fileRef = 25B5F5B722501AC500DF89FE /* whiteQueen.png */; };
		25B5F5E222501AC700DF89FE /* whiteRook.png in Resources */ = {isa = PBXBuildFile; fileRef = 25B5F5B822501AC500DF89FE /* whiteRook.png */; };
		25B5F5E322501AC700DF89FE /* whiteScout.png in Resources */ = {isa = PBXBuildFile; fileRef = 25B5F5B922501AC600DF89FE /* whiteScout.png */; };
		25B5F5E422501AC700DF89FE /* whiteSwordsman.png in Resources */ = {isa = PBXBuildFile; fileRef = 25B5F5BA22501AC600DF89FE /* whiteSwordsman.png */; };
		25B5F5E522501AC700DF89FE /* whiteUnicorn.png in Resources */ = {isa = PBXBuildFile; fileRef = 25B5F5BB22501AC600DF89FE /* whiteUnicorn.png */; };
		25B5F5E622501AC700DF89FE /* whiteGuard.png in Resources */ = {isa = PBXBuildFile; fileRef = 25B5F5BC22501AC600DF89FE /* whiteGuard.png */; };
		25B5F5E722501AC700DF89FE /* whiteArcher.png in Resources */ = {isa = PBXBuildFile; fileRef = 25B5F5BD22501AC600DF89FE /* whiteArcher.png */; };
		25B5F5E822501AC700DF89FE /* whiteCentaur.png in Resources */ = {isa = PBXBuildFile; fileRef = 25B5F5BE22501AC600DF89FE /* whiteCentaur.png */; };
		25B5F5E922501AC700DF89FE /* whiteTrebuchet.png in Resources */ = {isa = PBXBuildFile; fileRef = 25B5F5BF22501AC600DF89FE /* whiteTrebuchet.png */; };
		25B5F5EA22501AC700DF89FE /* whiteMinotaur.png in Resources */ = {isa = PBXBuildFile; fileRef = 25B5F5C022501AC600DF89FE /* whiteMinotaur.png */; };
		25B5F5EB22501AC700DF89FE /* whiteSuperKing.png in Resources */ = {isa = PBXBuildFile; fileRef = 25B5F5C122501AC600DF89FE /* whiteSuperKing.png */; };
		25B5F5EC22501AC700DF89FE /* whiteCamel.png in Resources */ = {isa = PBXBuildFile; fileRef = 25B5F5C222501AC600DF89FE /* whiteCamel.png */; };
		25B5F5ED22501AC700DF89FE /* whiteDwarf.png in Resources */ = {isa = PBXBuildFile; fileRef = 25B5F5C322501AC700DF89FE /* whiteDwarf.png */; };
		25B5F5EE22501AC700DF89FE /* whiteMage.png in Resources */ = {isa = PBXBuildFile; fileRef = 25B5F5C422501AC700DF89FE /* whiteMage.png */; };
		25B5F5EF22501AC700DF89FE /* whiteOrcWarrior.png in Resources */ = {isa = PBXBuildFile; fileRef = 25B5F5C522501AC700DF89FE /* whiteOrcWarrior.png */; };
		25B5F5F022501AC700DF89FE /* whiteShip.png in Resources */ = {isa = PBXBuildFile; fileRef = 25B5F5C622501AC700DF89FE /* whiteShip.png */; };
		25B5F5F122501AC700DF89FE /* whiteFootsoldier.png in Resources */ = {isa = PBXBuildFile; fileRef = 25B5F5C722501AC700DF89FE /* whiteFootsoldier.png */; };
		25B5F5F222501AC700DF89FE /* whiteGoblin.png in Resources */ = {isa = PBXBuildFile; fileRef = 25B5F5C822501AC700DF89FE /* whiteGoblin.png */; };
		25B5F5F322501AC700DF89FE /* whiteOgre.png in Resources */ = {isa = PBXBuildFile; fileRef = 25B5F5C922501AC700DF89FE /* whiteOgre.png */; };
		25B5F5F422501AC700DF89FE /* whitePikeman.png in Resources */ = {isa = PBXBuildFile; fileRef = 25B5F5CA22501AC700DF89FE /* whitePikeman.png */; };
		25BC7377224822600083D24E /* blackElephant.png in Resources */ = {isa = PBXBuildFile; fileRef = 25BC7376224822600083D24E /* blackElephant.png */; };
		25BC73792248226A0083D24E /* blackManAtArms.png in Resources */ = {isa = PBXBuildFile; fileRef = 25BC73782248226A0083D24E /* blackManAtArms.png */; };
		25BC737B2248226F0083D24E /* blackOgre.png in Resources */ = {isa = PBXBuildFile; fileRef = 25BC737A2248226F0083D24E /* blackOgre.png */; };
		25BC737D224822750083D24E /* blackOrcWarrior.png in Resources */ = {isa = PBXBuildFile; fileRef = 25BC737C224822750083D24E /* blackOrcWarrior.png */; };
		25BC737F224822840083D24E /* blackScout.png in Resources */ = {isa = PBXBuildFile; fileRef = 25BC737E224822840083D24E /* blackScout.png */; };
		25DEFD41224896E40024A78A /* blackArcher.png in Resources */ = {isa = PBXBuildFile; fileRef = 25DEFD40224896E40024A78A /* blackArcher.png */; };
		25DEFD43224896E80024A78A /* blackDemon.png in Resources */ = {isa = PBXBuildFile; fileRef = 25DEFD42224896E80024A78A /* blackDemon.png */; };
		25DEFD45224896EF0024A78A /* blackGuard.png in Resources */ = {isa = PBXBuildFile; fileRef = 25DEFD44224896EF0024A78A /* blackGuard.png */; };
		25DEFD47224896F80024A78A /* blackSwordsman.png in Resources */ = {isa = PBXBuildFile; fileRef = 25DEFD46224896F80024A78A /* blackSwordsman.png */; };
		25DEFD492248970A0024A78A /* blackPikeman.png in Resources */ = {isa = PBXBuildFile; fileRef = 25DEFD482248970A0024A78A /* blackPikeman.png */; };
		25F3DDEA22614B7000DA075F /* CloudKit.framework in Frameworks */ = {isa = PBXBuildFile; fileRef = 25F3DDE922614B7000DA075F /* CloudKit.framework */; };
		25FFCD5D2256D3F400C81196 /* alchemistIconHD.png in Resources */ = {isa = PBXBuildFile; fileRef = 25FFCD5B2256D3F300C81196 /* alchemistIconHD.png */; };
		25FFCD5E2256D3F400C81196 /* alchemistIcon.png in Resources */ = {isa = PBXBuildFile; fileRef = 25FFCD5C2256D3F400C81196 /* alchemistIcon.png */; };
		25FFCD602256D3FD00C81196 /* loadingIcon.png in Resources */ = {isa = PBXBuildFile; fileRef = 25FFCD5F2256D3FD00C81196 /* loadingIcon.png */; };
		25FFCD642256D6F900C81196 /* Launch Screen.storyboard in Resources */ = {isa = PBXBuildFile; fileRef = 25FFCD632256D6F900C81196 /* Launch Screen.storyboard */; };
		25FFCD682256DF7000C81196 /* loadingText.png in Resources */ = {isa = PBXBuildFile; fileRef = 25FFCD672256DF6F00C81196 /* loadingText.png */; };
		25FFCD6A2256E26300C81196 /* alchemistIconMini.png in Resources */ = {isa = PBXBuildFile; fileRef = 25FFCD692256E26300C81196 /* alchemistIconMini.png */; };
		25FFCD6C2256E54000C81196 /* alchemistIconSettings.png in Resources */ = {isa = PBXBuildFile; fileRef = 25FFCD6B2256E54000C81196 /* alchemistIconSettings.png */; };
		25FFCD6E2256E5BF00C81196 /* alchemistIcon80.png in Resources */ = {isa = PBXBuildFile; fileRef = 25FFCD6D2256E5BF00C81196 /* alchemistIcon80.png */; };
		643430AB2253C50900E0CB24 /* GameKit.framework in Frameworks */ = {isa = PBXBuildFile; fileRef = 643430AA2253C50900E0CB24 /* GameKit.framework */; };
		6440829E22593E70006563AB /* GameCenterHelper.swift in Sources */ = {isa = PBXBuildFile; fileRef = 6440829D22593E70006563AB /* GameCenterHelper.swift */; };
		645068A5224D46E7006709A9 /* testRook.png in Resources */ = {isa = PBXBuildFile; fileRef = 251D202C22431F3800AD7CE4 /* testRook.png */; };
		646A3EA52263E39C00378BEB /* GKTurnBasedMatch+Additions.swift in Sources */ = {isa = PBXBuildFile; fileRef = 646A3EA42263E39C00378BEB /* GKTurnBasedMatch+Additions.swift */; };
		646A3EA72263E48700378BEB /* GameModel.swift in Sources */ = {isa = PBXBuildFile; fileRef = 646A3EA62263E48700378BEB /* GameModel.swift */; };
		88198249224E69D6008E8EFD /* cathedral.jpg in Resources */ = {isa = PBXBuildFile; fileRef = 88198248224E69D6008E8EFD /* cathedral.jpg */; };
		8819824B224E7948008E8EFD /* MyFriendsViewController.swift in Sources */ = {isa = PBXBuildFile; fileRef = 8819824A224E7948008E8EFD /* MyFriendsViewController.swift */; };
		8819824D224E7BBA008E8EFD /* StoreViewController.swift in Sources */ = {isa = PBXBuildFile; fileRef = 8819824C224E7BBA008E8EFD /* StoreViewController.swift */; };
		8819824F224E7CAF008E8EFD /* MyStatsViewController.swift in Sources */ = {isa = PBXBuildFile; fileRef = 8819824E224E7CAF008E8EFD /* MyStatsViewController.swift */; };
		88198251224E7D12008E8EFD /* PlayBtOpeningScreenViewController.swift in Sources */ = {isa = PBXBuildFile; fileRef = 88198250224E7D12008E8EFD /* PlayBtOpeningScreenViewController.swift */; };
		889C82642241651D00B77A21 /* OpeningScreen.swift in Sources */ = {isa = PBXBuildFile; fileRef = 889C82632241651D00B77A21 /* OpeningScreen.swift */; };
		88E34F3922502A2D007ED2F5 /* SearchForFriendsViewController.swift in Sources */ = {isa = PBXBuildFile; fileRef = 88E34F3822502A2D007ED2F5 /* SearchForFriendsViewController.swift */; };
		88E34F3B2250304E007ED2F5 /* PlacePiecesViewController.swift in Sources */ = {isa = PBXBuildFile; fileRef = 88E34F3A2250304E007ED2F5 /* PlacePiecesViewController.swift */; };
		88E34F3D225032E5007ED2F5 /* NewGameViewController.swift in Sources */ = {isa = PBXBuildFile; fileRef = 88E34F3C225032E5007ED2F5 /* NewGameViewController.swift */; };
		88E34F3F2250341C007ED2F5 /* YourFriendsViewController.swift in Sources */ = {isa = PBXBuildFile; fileRef = 88E34F3E2250341C007ED2F5 /* YourFriendsViewController.swift */; };
		88E34F41225036A6007ED2F5 /* RandomOpponentViewController.swift in Sources */ = {isa = PBXBuildFile; fileRef = 88E34F40225036A6007ED2F5 /* RandomOpponentViewController.swift */; };
/* End PBXBuildFile section */

/* Begin PBXContainerItemProxy section */
		251D1F6F22403DAE00AD7CE4 /* PBXContainerItemProxy */ = {
			isa = PBXContainerItemProxy;
			containerPortal = 251D1F4C22403DAD00AD7CE4 /* Project object */;
			proxyType = 1;
			remoteGlobalIDString = 251D1F5322403DAD00AD7CE4;
			remoteInfo = "Team Kookaburra Chess";
		};
		251D1F7A22403DAE00AD7CE4 /* PBXContainerItemProxy */ = {
			isa = PBXContainerItemProxy;
			containerPortal = 251D1F4C22403DAD00AD7CE4 /* Project object */;
			proxyType = 1;
			remoteGlobalIDString = 251D1F5322403DAD00AD7CE4;
			remoteInfo = "Team Kookaburra Chess";
		};
/* End PBXContainerItemProxy section */

/* Begin PBXFileReference section */
		251D1F5422403DAD00AD7CE4 /* Team Kookaburra Chess.app */ = {isa = PBXFileReference; explicitFileType = wrapper.application; includeInIndex = 0; path = "Team Kookaburra Chess.app"; sourceTree = BUILT_PRODUCTS_DIR; };
		251D1F5922403DAD00AD7CE4 /* GameScene.sks */ = {isa = PBXFileReference; lastKnownFileType = file.sks; path = GameScene.sks; sourceTree = "<group>"; };
		251D1F5B22403DAD00AD7CE4 /* Actions.sks */ = {isa = PBXFileReference; lastKnownFileType = file.sks; path = Actions.sks; sourceTree = "<group>"; };
		251D1F5D22403DAD00AD7CE4 /* GameScene.swift */ = {isa = PBXFileReference; lastKnownFileType = sourcecode.swift; path = GameScene.swift; sourceTree = "<group>"; };
		251D1F5F22403DAD00AD7CE4 /* GameViewController.swift */ = {isa = PBXFileReference; lastKnownFileType = sourcecode.swift; path = GameViewController.swift; sourceTree = "<group>"; };
		251D1F6222403DAD00AD7CE4 /* Base */ = {isa = PBXFileReference; lastKnownFileType = file.storyboard; name = Base; path = Base.lproj/Main.storyboard; sourceTree = "<group>"; };
		251D1F6422403DAE00AD7CE4 /* Assets.xcassets */ = {isa = PBXFileReference; lastKnownFileType = folder.assetcatalog; path = Assets.xcassets; sourceTree = "<group>"; };
		251D1F6922403DAE00AD7CE4 /* Info.plist */ = {isa = PBXFileReference; lastKnownFileType = text.plist.xml; path = Info.plist; sourceTree = "<group>"; };
		251D1F6E22403DAE00AD7CE4 /* Team Kookaburra ChessTests.xctest */ = {isa = PBXFileReference; explicitFileType = wrapper.cfbundle; includeInIndex = 0; path = "Team Kookaburra ChessTests.xctest"; sourceTree = BUILT_PRODUCTS_DIR; };
		251D1F7222403DAE00AD7CE4 /* Team_Kookaburra_ChessTests.swift */ = {isa = PBXFileReference; lastKnownFileType = sourcecode.swift; path = Team_Kookaburra_ChessTests.swift; sourceTree = "<group>"; };
		251D1F7422403DAE00AD7CE4 /* Info.plist */ = {isa = PBXFileReference; lastKnownFileType = text.plist.xml; path = Info.plist; sourceTree = "<group>"; };
		251D1F7922403DAE00AD7CE4 /* Team Kookaburra ChessUITests.xctest */ = {isa = PBXFileReference; explicitFileType = wrapper.cfbundle; includeInIndex = 0; path = "Team Kookaburra ChessUITests.xctest"; sourceTree = BUILT_PRODUCTS_DIR; };
		251D1F7D22403DAE00AD7CE4 /* Team_Kookaburra_ChessUITests.swift */ = {isa = PBXFileReference; lastKnownFileType = sourcecode.swift; path = Team_Kookaburra_ChessUITests.swift; sourceTree = "<group>"; };
		251D1F7F22403DAE00AD7CE4 /* Info.plist */ = {isa = PBXFileReference; lastKnownFileType = text.plist.xml; path = Info.plist; sourceTree = "<group>"; };
		251D1F8D2240743D00AD7CE4 /* BoardCelll.swift */ = {isa = PBXFileReference; lastKnownFileType = sourcecode.swift; path = BoardCelll.swift; sourceTree = "<group>"; };
		251D1F8F2240746C00AD7CE4 /* BoardIndex.swift */ = {isa = PBXFileReference; lastKnownFileType = sourcecode.swift; path = BoardIndex.swift; sourceTree = "<group>"; };
		251D1F91224074A800AD7CE4 /* chessBoard.swift */ = {isa = PBXFileReference; lastKnownFileType = sourcecode.swift; path = chessBoard.swift; sourceTree = "<group>"; };
		251D1F952240751500AD7CE4 /* chessPiece.swift */ = {isa = PBXFileReference; lastKnownFileType = sourcecode.swift; path = chessPiece.swift; sourceTree = "<group>"; };
		251D1F972240757800AD7CE4 /* chessVC.swift */ = {isa = PBXFileReference; lastKnownFileType = sourcecode.swift; path = chessVC.swift; sourceTree = "<group>"; };
		251D1F99224075CE00AD7CE4 /* chessView.swift */ = {isa = PBXFileReference; lastKnownFileType = sourcecode.swift; path = chessView.swift; sourceTree = "<group>"; };
		251D1F9B2240760B00AD7CE4 /* history.swift */ = {isa = PBXFileReference; lastKnownFileType = sourcecode.swift; path = history.swift; sourceTree = "<group>"; };
		251D1F9D22407A7700AD7CE4 /* AppDelegate.swift */ = {isa = PBXFileReference; lastKnownFileType = sourcecode.swift; path = AppDelegate.swift; sourceTree = "<group>"; };
		251D202C22431F3800AD7CE4 /* testRook.png */ = {isa = PBXFileReference; lastKnownFileType = image.png; path = testRook.png; sourceTree = "<group>"; };
		252A35E9224414F600FE6A09 /* blankPiece.png */ = {isa = PBXFileReference; lastKnownFileType = image.png; path = blankPiece.png; sourceTree = "<group>"; };
		252A35EB2244150200FE6A09 /* blackPawn.png */ = {isa = PBXFileReference; lastKnownFileType = image.png; path = blackPawn.png; sourceTree = "<group>"; };
		252A35EF22442A9200FE6A09 /* blackBishop.png */ = {isa = PBXFileReference; lastKnownFileType = image.png; path = blackBishop.png; sourceTree = "<group>"; };
		252A35F12244323500FE6A09 /* blackKnight.png */ = {isa = PBXFileReference; lastKnownFileType = image.png; path = blackKnight.png; sourceTree = "<group>"; };
		25415E30224A981000B7E13E /* blackBombard.png */ = {isa = PBXFileReference; lastKnownFileType = image.png; path = blackBombard.png; sourceTree = "<group>"; };
		25415E32224A981500B7E13E /* blackDragonRider.png */ = {isa = PBXFileReference; lastKnownFileType = image.png; path = blackDragonRider.png; sourceTree = "<group>"; };
		25415E34224A981C00B7E13E /* blackGriffin.png */ = {isa = PBXFileReference; lastKnownFileType = image.png; path = blackGriffin.png; sourceTree = "<group>"; };
		25415E36224A982A00B7E13E /* blackUnicorn.png */ = {isa = PBXFileReference; lastKnownFileType = image.png; path = blackUnicorn.png; sourceTree = "<group>"; };
		25415E38224A983100B7E13E /* blackSuperking.png */ = {isa = PBXFileReference; lastKnownFileType = image.png; path = blackSuperking.png; sourceTree = "<group>"; };
		25415E3A224A989400B7E13E /* blackManticore.png */ = {isa = PBXFileReference; lastKnownFileType = image.png; path = blackManticore.png; sourceTree = "<group>"; };
		254815062252DF5D007C1174 /* LevelUpProgress.swift */ = {isa = PBXFileReference; lastKnownFileType = sourcecode.swift; path = LevelUpProgress.swift; sourceTree = "<group>"; };
		254C14762247D675004359CE /* blackQueen.png */ = {isa = PBXFileReference; lastKnownFileType = image.png; path = blackQueen.png; sourceTree = "<group>"; };
		254C14782247D67C004359CE /* blackKing.png */ = {isa = PBXFileReference; lastKnownFileType = image.png; path = blackKing.png; sourceTree = "<group>"; };
		254C147A2247E6AA004359CE /* blackDwarf.png */ = {isa = PBXFileReference; lastKnownFileType = image.png; path = blackDwarf.png; sourceTree = "<group>"; };
		254C147C2247E6B0004359CE /* blackFootsoldier.png */ = {isa = PBXFileReference; lastKnownFileType = image.png; path = blackFootsoldier.png; sourceTree = "<group>"; };
		254C147E2247E6B5004359CE /* blackGargoyle.png */ = {isa = PBXFileReference; lastKnownFileType = image.png; path = blackGargoyle.png; sourceTree = "<group>"; };
		254C14802247E6B9004359CE /* blackGhostQueen.png */ = {isa = PBXFileReference; lastKnownFileType = image.png; path = blackGhostQueen.png; sourceTree = "<group>"; };
		254C14822247E6BF004359CE /* blackGoblin.png */ = {isa = PBXFileReference; lastKnownFileType = image.png; path = blackGoblin.png; sourceTree = "<group>"; };
		254C14842247E76A004359CE /* blackMonk.png */ = {isa = PBXFileReference; lastKnownFileType = image.png; path = blackMonk.png; sourceTree = "<group>"; };
		258FEECC22527AF2007ED10C /* bronzeDemotionBanner.png */ = {isa = PBXFileReference; lastKnownFileType = image.png; path = bronzeDemotionBanner.png; sourceTree = "<group>"; };
		258FEECE22527AF8007ED10C /* championBanner.png */ = {isa = PBXFileReference; lastKnownFileType = image.png; path = championBanner.png; sourceTree = "<group>"; };
		258FEED022527B09007ED10C /* silverPromotionBanner.png */ = {isa = PBXFileReference; lastKnownFileType = image.png; path = silverPromotionBanner.png; sourceTree = "<group>"; };
		258FEED122527B09007ED10C /* rankGold.png */ = {isa = PBXFileReference; lastKnownFileType = image.png; path = rankGold.png; sourceTree = "<group>"; };
		258FEED222527B09007ED10C /* rankBronze.png */ = {isa = PBXFileReference; lastKnownFileType = image.png; path = rankBronze.png; sourceTree = "<group>"; };
		258FEED322527B09007ED10C /* rankSilver.png */ = {isa = PBXFileReference; lastKnownFileType = image.png; path = rankSilver.png; sourceTree = "<group>"; };
		258FEED422527B09007ED10C /* rankDiamond.png */ = {isa = PBXFileReference; lastKnownFileType = image.png; path = rankDiamond.png; sourceTree = "<group>"; };
		258FEED522527B09007ED10C /* diamondPromotionBanner.png */ = {isa = PBXFileReference; lastKnownFileType = image.png; path = diamondPromotionBanner.png; sourceTree = "<group>"; };
		258FEED622527B09007ED10C /* silverDemotionBanner.png */ = {isa = PBXFileReference; lastKnownFileType = image.png; path = silverDemotionBanner.png; sourceTree = "<group>"; };
		258FEED722527B0A007ED10C /* goldPromotionBanner.png */ = {isa = PBXFileReference; lastKnownFileType = image.png; path = goldPromotionBanner.png; sourceTree = "<group>"; };
		258FEED822527B0A007ED10C /* goldDemotionBanner.png */ = {isa = PBXFileReference; lastKnownFileType = image.png; path = goldDemotionBanner.png; sourceTree = "<group>"; };
		258FEEE2225290E0007ED10C /* demotionSymbol.png */ = {isa = PBXFileReference; lastKnownFileType = image.png; path = demotionSymbol.png; sourceTree = "<group>"; };
		258FEEE4225290E7007ED10C /* promotionSymbol.png */ = {isa = PBXFileReference; lastKnownFileType = image.png; path = promotionSymbol.png; sourceTree = "<group>"; };
		258FEEE6225290F7007ED10C /* championTrophy.png */ = {isa = PBXFileReference; lastKnownFileType = image.png; path = championTrophy.png; sourceTree = "<group>"; };
		258FEEE822529108007ED10C /* playerGold.png */ = {isa = PBXFileReference; lastKnownFileType = image.png; path = playerGold.png; sourceTree = "<group>"; };
		259FED9B22493C0F006BE3E8 /* blackBasilisk.png */ = {isa = PBXFileReference; lastKnownFileType = image.png; path = blackBasilisk.png; sourceTree = "<group>"; };
		259FED9D22493C16006BE3E8 /* blackFireDragon.png */ = {isa = PBXFileReference; lastKnownFileType = image.png; path = blackFireDragon.png; sourceTree = "<group>"; };
		259FED9F22493C1E006BE3E8 /* blackIceDragon.png */ = {isa = PBXFileReference; lastKnownFileType = image.png; path = blackIceDragon.png; sourceTree = "<group>"; };
		259FEDA122493C24006BE3E8 /* blackMinotaur.png */ = {isa = PBXFileReference; lastKnownFileType = image.png; path = blackMinotaur.png; sourceTree = "<group>"; };
		259FEDA322493C3C006BE3E8 /* blackMonopod.png */ = {isa = PBXFileReference; lastKnownFileType = image.png; path = blackMonopod.png; sourceTree = "<group>"; };
		259FEDA5224949DE006BE3E8 /* blackBallista.png */ = {isa = PBXFileReference; lastKnownFileType = image.png; name = blackBallista.png; path = Images/blackBallista.png; sourceTree = "<group>"; };
		259FEDA7224949ED006BE3E8 /* blackShip.png */ = {isa = PBXFileReference; lastKnownFileType = image.png; path = blackShip.png; sourceTree = "<group>"; };
		259FEDA9224949F3006BE3E8 /* blackBatteringRam.png */ = {isa = PBXFileReference; lastKnownFileType = image.png; path = blackBatteringRam.png; sourceTree = "<group>"; };
		259FEDAD2249BF65006BE3E8 /* blackRightyElf.png */ = {isa = PBXFileReference; lastKnownFileType = image.png; path = blackRightyElf.png; sourceTree = "<group>"; };
		259FEDAF2249BF6C006BE3E8 /* blackTrebuchet.png */ = {isa = PBXFileReference; lastKnownFileType = image.png; path = blackTrebuchet.png; sourceTree = "<group>"; };
		259FEDB32249BFD3006BE3E8 /* blackLeftyElf.png */ = {isa = PBXFileReference; lastKnownFileType = image.png; path = blackLeftyElf.png; sourceTree = "<group>"; };
		259FEDB52249E7D3006BE3E8 /* blackMage.png */ = {isa = PBXFileReference; lastKnownFileType = image.png; path = blackMage.png; sourceTree = "<group>"; };
		259FEDB72249E7DE006BE3E8 /* blackCamel.png */ = {isa = PBXFileReference; lastKnownFileType = image.png; path = blackCamel.png; sourceTree = "<group>"; };
		259FEDB92249E7E5006BE3E8 /* blackCentaur.png */ = {isa = PBXFileReference; lastKnownFileType = image.png; path = blackCentaur.png; sourceTree = "<group>"; };
		25B5F5A122501AC300DF89FE /* whiteBasilisk.png */ = {isa = PBXFileReference; lastKnownFileType = image.png; path = whiteBasilisk.png; sourceTree = "<group>"; };
		25B5F5A222501AC300DF89FE /* whiteMonopod.png */ = {isa = PBXFileReference; lastKnownFileType = image.png; path = whiteMonopod.png; sourceTree = "<group>"; };
		25B5F5A322501AC300DF89FE /* whiteGargoyle.png */ = {isa = PBXFileReference; lastKnownFileType = image.png; path = whiteGargoyle.png; sourceTree = "<group>"; };
		25B5F5A422501AC400DF89FE /* whiteGriffin.png */ = {isa = PBXFileReference; lastKnownFileType = image.png; path = whiteGriffin.png; sourceTree = "<group>"; };
		25B5F5A522501AC400DF89FE /* whiteBishop.png */ = {isa = PBXFileReference; lastKnownFileType = image.png; path = whiteBishop.png; sourceTree = "<group>"; };
		25B5F5A622501AC400DF89FE /* whitePawn.png */ = {isa = PBXFileReference; lastKnownFileType = image.png; path = whitePawn.png; sourceTree = "<group>"; };
		25B5F5A722501AC400DF89FE /* whiteDemon.png */ = {isa = PBXFileReference; lastKnownFileType = image.png; path = whiteDemon.png; sourceTree = "<group>"; };
		25B5F5A822501AC400DF89FE /* whiteManticore.png */ = {isa = PBXFileReference; lastKnownFileType = image.png; path = whiteManticore.png; sourceTree = "<group>"; };
		25B5F5A922501AC400DF89FE /* whiteKing.png */ = {isa = PBXFileReference; lastKnownFileType = image.png; path = whiteKing.png; sourceTree = "<group>"; };
		25B5F5AA22501AC400DF89FE /* whiteManAtArms.png */ = {isa = PBXFileReference; lastKnownFileType = image.png; path = whiteManAtArms.png; sourceTree = "<group>"; };
		25B5F5AB22501AC400DF89FE /* whiteRightyElf.png */ = {isa = PBXFileReference; lastKnownFileType = image.png; path = whiteRightyElf.png; sourceTree = "<group>"; };
		25B5F5AC22501AC400DF89FE /* whiteMonk.png */ = {isa = PBXFileReference; lastKnownFileType = image.png; path = whiteMonk.png; sourceTree = "<group>"; };
		25B5F5AD22501AC400DF89FE /* whiteBallista.png */ = {isa = PBXFileReference; lastKnownFileType = image.png; path = whiteBallista.png; sourceTree = "<group>"; };
		25B5F5AE22501AC400DF89FE /* whiteFireDragon.png */ = {isa = PBXFileReference; lastKnownFileType = image.png; path = whiteFireDragon.png; sourceTree = "<group>"; };
		25B5F5AF22501AC400DF89FE /* whiteBatteringRam.png */ = {isa = PBXFileReference; lastKnownFileType = image.png; path = whiteBatteringRam.png; sourceTree = "<group>"; };
		25B5F5B022501AC500DF89FE /* whiteElephant.png */ = {isa = PBXFileReference; lastKnownFileType = image.png; path = whiteElephant.png; sourceTree = "<group>"; };
		25B5F5B122501AC500DF89FE /* whiteIceDragon.png */ = {isa = PBXFileReference; lastKnownFileType = image.png; path = whiteIceDragon.png; sourceTree = "<group>"; };
		25B5F5B222501AC500DF89FE /* whiteDragonRider.png */ = {isa = PBXFileReference; lastKnownFileType = image.png; path = whiteDragonRider.png; sourceTree = "<group>"; };
		25B5F5B322501AC500DF89FE /* whiteGhostQueen.png */ = {isa = PBXFileReference; lastKnownFileType = image.png; path = whiteGhostQueen.png; sourceTree = "<group>"; };
		25B5F5B422501AC500DF89FE /* whiteBombard.png */ = {isa = PBXFileReference; lastKnownFileType = image.png; path = whiteBombard.png; sourceTree = "<group>"; };
		25B5F5B522501AC500DF89FE /* whiteLeftyElf.png */ = {isa = PBXFileReference; lastKnownFileType = image.png; path = whiteLeftyElf.png; sourceTree = "<group>"; };
		25B5F5B622501AC500DF89FE /* whiteKnight.png */ = {isa = PBXFileReference; lastKnownFileType = image.png; path = whiteKnight.png; sourceTree = "<group>"; };
		25B5F5B722501AC500DF89FE /* whiteQueen.png */ = {isa = PBXFileReference; lastKnownFileType = image.png; path = whiteQueen.png; sourceTree = "<group>"; };
		25B5F5B822501AC500DF89FE /* whiteRook.png */ = {isa = PBXFileReference; lastKnownFileType = image.png; path = whiteRook.png; sourceTree = "<group>"; };
		25B5F5B922501AC600DF89FE /* whiteScout.png */ = {isa = PBXFileReference; lastKnownFileType = image.png; path = whiteScout.png; sourceTree = "<group>"; };
		25B5F5BA22501AC600DF89FE /* whiteSwordsman.png */ = {isa = PBXFileReference; lastKnownFileType = image.png; path = whiteSwordsman.png; sourceTree = "<group>"; };
		25B5F5BB22501AC600DF89FE /* whiteUnicorn.png */ = {isa = PBXFileReference; lastKnownFileType = image.png; path = whiteUnicorn.png; sourceTree = "<group>"; };
		25B5F5BC22501AC600DF89FE /* whiteGuard.png */ = {isa = PBXFileReference; lastKnownFileType = image.png; path = whiteGuard.png; sourceTree = "<group>"; };
		25B5F5BD22501AC600DF89FE /* whiteArcher.png */ = {isa = PBXFileReference; lastKnownFileType = image.png; path = whiteArcher.png; sourceTree = "<group>"; };
		25B5F5BE22501AC600DF89FE /* whiteCentaur.png */ = {isa = PBXFileReference; lastKnownFileType = image.png; path = whiteCentaur.png; sourceTree = "<group>"; };
		25B5F5BF22501AC600DF89FE /* whiteTrebuchet.png */ = {isa = PBXFileReference; lastKnownFileType = image.png; path = whiteTrebuchet.png; sourceTree = "<group>"; };
		25B5F5C022501AC600DF89FE /* whiteMinotaur.png */ = {isa = PBXFileReference; lastKnownFileType = image.png; path = whiteMinotaur.png; sourceTree = "<group>"; };
		25B5F5C122501AC600DF89FE /* whiteSuperKing.png */ = {isa = PBXFileReference; lastKnownFileType = image.png; path = whiteSuperKing.png; sourceTree = "<group>"; };
		25B5F5C222501AC600DF89FE /* whiteCamel.png */ = {isa = PBXFileReference; lastKnownFileType = image.png; path = whiteCamel.png; sourceTree = "<group>"; };
		25B5F5C322501AC700DF89FE /* whiteDwarf.png */ = {isa = PBXFileReference; lastKnownFileType = image.png; path = whiteDwarf.png; sourceTree = "<group>"; };
		25B5F5C422501AC700DF89FE /* whiteMage.png */ = {isa = PBXFileReference; lastKnownFileType = image.png; path = whiteMage.png; sourceTree = "<group>"; };
		25B5F5C522501AC700DF89FE /* whiteOrcWarrior.png */ = {isa = PBXFileReference; lastKnownFileType = image.png; path = whiteOrcWarrior.png; sourceTree = "<group>"; };
		25B5F5C622501AC700DF89FE /* whiteShip.png */ = {isa = PBXFileReference; lastKnownFileType = image.png; path = whiteShip.png; sourceTree = "<group>"; };
		25B5F5C722501AC700DF89FE /* whiteFootsoldier.png */ = {isa = PBXFileReference; lastKnownFileType = image.png; path = whiteFootsoldier.png; sourceTree = "<group>"; };
		25B5F5C822501AC700DF89FE /* whiteGoblin.png */ = {isa = PBXFileReference; lastKnownFileType = image.png; path = whiteGoblin.png; sourceTree = "<group>"; };
		25B5F5C922501AC700DF89FE /* whiteOgre.png */ = {isa = PBXFileReference; lastKnownFileType = image.png; path = whiteOgre.png; sourceTree = "<group>"; };
		25B5F5CA22501AC700DF89FE /* whitePikeman.png */ = {isa = PBXFileReference; lastKnownFileType = image.png; path = whitePikeman.png; sourceTree = "<group>"; };
		25BC7376224822600083D24E /* blackElephant.png */ = {isa = PBXFileReference; lastKnownFileType = image.png; path = blackElephant.png; sourceTree = "<group>"; };
		25BC73782248226A0083D24E /* blackManAtArms.png */ = {isa = PBXFileReference; lastKnownFileType = image.png; path = blackManAtArms.png; sourceTree = "<group>"; };
		25BC737A2248226F0083D24E /* blackOgre.png */ = {isa = PBXFileReference; lastKnownFileType = image.png; path = blackOgre.png; sourceTree = "<group>"; };
		25BC737C224822750083D24E /* blackOrcWarrior.png */ = {isa = PBXFileReference; lastKnownFileType = image.png; path = blackOrcWarrior.png; sourceTree = "<group>"; };
		25BC737E224822840083D24E /* blackScout.png */ = {isa = PBXFileReference; lastKnownFileType = image.png; path = blackScout.png; sourceTree = "<group>"; };
		25DEFD40224896E40024A78A /* blackArcher.png */ = {isa = PBXFileReference; lastKnownFileType = image.png; path = blackArcher.png; sourceTree = "<group>"; };
		25DEFD42224896E80024A78A /* blackDemon.png */ = {isa = PBXFileReference; lastKnownFileType = image.png; path = blackDemon.png; sourceTree = "<group>"; };
		25DEFD44224896EF0024A78A /* blackGuard.png */ = {isa = PBXFileReference; lastKnownFileType = image.png; path = blackGuard.png; sourceTree = "<group>"; };
		25DEFD46224896F80024A78A /* blackSwordsman.png */ = {isa = PBXFileReference; lastKnownFileType = image.png; path = blackSwordsman.png; sourceTree = "<group>"; };
		25DEFD482248970A0024A78A /* blackPikeman.png */ = {isa = PBXFileReference; lastKnownFileType = image.png; path = blackPikeman.png; sourceTree = "<group>"; };
		25F3DDE922614B7000DA075F /* CloudKit.framework */ = {isa = PBXFileReference; lastKnownFileType = wrapper.framework; name = CloudKit.framework; path = System/Library/Frameworks/CloudKit.framework; sourceTree = SDKROOT; };
		25FFCD5B2256D3F300C81196 /* alchemistIconHD.png */ = {isa = PBXFileReference; lastKnownFileType = image.png; path = alchemistIconHD.png; sourceTree = "<group>"; };
		25FFCD5C2256D3F400C81196 /* alchemistIcon.png */ = {isa = PBXFileReference; lastKnownFileType = image.png; path = alchemistIcon.png; sourceTree = "<group>"; };
		25FFCD5F2256D3FD00C81196 /* loadingIcon.png */ = {isa = PBXFileReference; lastKnownFileType = image.png; path = loadingIcon.png; sourceTree = "<group>"; };
		25FFCD632256D6F900C81196 /* Launch Screen.storyboard */ = {isa = PBXFileReference; lastKnownFileType = file.storyboard; path = "Launch Screen.storyboard"; sourceTree = "<group>"; };
		25FFCD672256DF6F00C81196 /* loadingText.png */ = {isa = PBXFileReference; lastKnownFileType = image.png; path = loadingText.png; sourceTree = "<group>"; };
		25FFCD692256E26300C81196 /* alchemistIconMini.png */ = {isa = PBXFileReference; lastKnownFileType = image.png; path = alchemistIconMini.png; sourceTree = "<group>"; };
		25FFCD6B2256E54000C81196 /* alchemistIconSettings.png */ = {isa = PBXFileReference; lastKnownFileType = image.png; path = alchemistIconSettings.png; sourceTree = "<group>"; };
		25FFCD6D2256E5BF00C81196 /* alchemistIcon80.png */ = {isa = PBXFileReference; lastKnownFileType = image.png; path = alchemistIcon80.png; sourceTree = "<group>"; };
		643430AA2253C50900E0CB24 /* GameKit.framework */ = {isa = PBXFileReference; lastKnownFileType = wrapper.framework; name = GameKit.framework; path = System/Library/Frameworks/GameKit.framework; sourceTree = SDKROOT; };
		643430AC2253C51300E0CB24 /* Team Kookaburra Chess.entitlements */ = {isa = PBXFileReference; lastKnownFileType = text.plist.entitlements; path = "Team Kookaburra Chess.entitlements"; sourceTree = "<group>"; };
		6440829D22593E70006563AB /* GameCenterHelper.swift */ = {isa = PBXFileReference; lastKnownFileType = sourcecode.swift; path = GameCenterHelper.swift; sourceTree = "<group>"; };
		646A3EA42263E39C00378BEB /* GKTurnBasedMatch+Additions.swift */ = {isa = PBXFileReference; lastKnownFileType = sourcecode.swift; path = "GKTurnBasedMatch+Additions.swift"; sourceTree = "<group>"; };
		646A3EA62263E48700378BEB /* GameModel.swift */ = {isa = PBXFileReference; lastKnownFileType = sourcecode.swift; path = GameModel.swift; sourceTree = "<group>"; };
		88198248224E69D6008E8EFD /* cathedral.jpg */ = {isa = PBXFileReference; lastKnownFileType = image.jpeg; path = cathedral.jpg; sourceTree = "<group>"; };
		8819824A224E7948008E8EFD /* MyFriendsViewController.swift */ = {isa = PBXFileReference; lastKnownFileType = sourcecode.swift; path = MyFriendsViewController.swift; sourceTree = "<group>"; };
		8819824C224E7BBA008E8EFD /* StoreViewController.swift */ = {isa = PBXFileReference; lastKnownFileType = sourcecode.swift; path = StoreViewController.swift; sourceTree = "<group>"; };
		8819824E224E7CAF008E8EFD /* MyStatsViewController.swift */ = {isa = PBXFileReference; lastKnownFileType = sourcecode.swift; path = MyStatsViewController.swift; sourceTree = "<group>"; };
		88198250224E7D12008E8EFD /* PlayBtOpeningScreenViewController.swift */ = {isa = PBXFileReference; lastKnownFileType = sourcecode.swift; path = PlayBtOpeningScreenViewController.swift; sourceTree = "<group>"; };
		889C82632241651D00B77A21 /* OpeningScreen.swift */ = {isa = PBXFileReference; lastKnownFileType = sourcecode.swift; path = OpeningScreen.swift; sourceTree = "<group>"; };
		88E34F3822502A2D007ED2F5 /* SearchForFriendsViewController.swift */ = {isa = PBXFileReference; lastKnownFileType = sourcecode.swift; path = SearchForFriendsViewController.swift; sourceTree = "<group>"; };
		88E34F3A2250304E007ED2F5 /* PlacePiecesViewController.swift */ = {isa = PBXFileReference; lastKnownFileType = sourcecode.swift; path = PlacePiecesViewController.swift; sourceTree = "<group>"; };
		88E34F3C225032E5007ED2F5 /* NewGameViewController.swift */ = {isa = PBXFileReference; lastKnownFileType = sourcecode.swift; path = NewGameViewController.swift; sourceTree = "<group>"; };
		88E34F3E2250341C007ED2F5 /* YourFriendsViewController.swift */ = {isa = PBXFileReference; lastKnownFileType = sourcecode.swift; path = YourFriendsViewController.swift; sourceTree = "<group>"; };
		88E34F40225036A6007ED2F5 /* RandomOpponentViewController.swift */ = {isa = PBXFileReference; lastKnownFileType = sourcecode.swift; path = RandomOpponentViewController.swift; sourceTree = "<group>"; };
/* End PBXFileReference section */

/* Begin PBXFrameworksBuildPhase section */
		251D1F5122403DAD00AD7CE4 /* Frameworks */ = {
			isa = PBXFrameworksBuildPhase;
			buildActionMask = 2147483647;
			files = (
				643430AB2253C50900E0CB24 /* GameKit.framework in Frameworks */,
				25F3DDEA22614B7000DA075F /* CloudKit.framework in Frameworks */,
			);
			runOnlyForDeploymentPostprocessing = 0;
		};
		251D1F6B22403DAE00AD7CE4 /* Frameworks */ = {
			isa = PBXFrameworksBuildPhase;
			buildActionMask = 2147483647;
			files = (
			);
			runOnlyForDeploymentPostprocessing = 0;
		};
		251D1F7622403DAE00AD7CE4 /* Frameworks */ = {
			isa = PBXFrameworksBuildPhase;
			buildActionMask = 2147483647;
			files = (
			);
			runOnlyForDeploymentPostprocessing = 0;
		};
/* End PBXFrameworksBuildPhase section */

/* Begin PBXGroup section */
		251D1F4B22403DAD00AD7CE4 = {
			isa = PBXGroup;
			children = (
				251D1F5622403DAD00AD7CE4 /* Team Kookaburra Chess */,
				251D1F7122403DAE00AD7CE4 /* Team Kookaburra ChessTests */,
				251D1F7C22403DAE00AD7CE4 /* Team Kookaburra ChessUITests */,
				251D1F5522403DAD00AD7CE4 /* Products */,
				643430A92253C50900E0CB24 /* Frameworks */,
			);
			sourceTree = "<group>";
		};
		251D1F5522403DAD00AD7CE4 /* Products */ = {
			isa = PBXGroup;
			children = (
				251D1F5422403DAD00AD7CE4 /* Team Kookaburra Chess.app */,
				251D1F6E22403DAE00AD7CE4 /* Team Kookaburra ChessTests.xctest */,
				251D1F7922403DAE00AD7CE4 /* Team Kookaburra ChessUITests.xctest */,
			);
			name = Products;
			sourceTree = "<group>";
		};
		251D1F5622403DAD00AD7CE4 /* Team Kookaburra Chess */ = {
			isa = PBXGroup;
			children = (
				6440829D22593E70006563AB /* GameCenterHelper.swift */,
				646A3EA62263E48700378BEB /* GameModel.swift */,
				646A3EA42263E39C00378BEB /* GKTurnBasedMatch+Additions.swift */,
				643430AC2253C51300E0CB24 /* Team Kookaburra Chess.entitlements */,
				251D1F952240751500AD7CE4 /* chessPiece.swift */,
				254815062252DF5D007C1174 /* LevelUpProgress.swift */,
				251D1F972240757800AD7CE4 /* chessVC.swift */,
				251D1F99224075CE00AD7CE4 /* chessView.swift */,
				251D1F9B2240760B00AD7CE4 /* history.swift */,
				251D202B22431F2C00AD7CE4 /* Images */,
				251D1F8D2240743D00AD7CE4 /* BoardCelll.swift */,
				259FEDA5224949DE006BE3E8 /* blackBallista.png */,
				251D1F8F2240746C00AD7CE4 /* BoardIndex.swift */,
				251D1F9D22407A7700AD7CE4 /* AppDelegate.swift */,
				251D1F91224074A800AD7CE4 /* chessBoard.swift */,
				251D1F5922403DAD00AD7CE4 /* GameScene.sks */,
				88E34F37225029EE007ED2F5 /* View Controllers */,
				251D1F5B22403DAD00AD7CE4 /* Actions.sks */,
				251D1F5D22403DAD00AD7CE4 /* GameScene.swift */,
				251D1F6122403DAD00AD7CE4 /* Main.storyboard */,
				25FFCD632256D6F900C81196 /* Launch Screen.storyboard */,
				251D1F6422403DAE00AD7CE4 /* Assets.xcassets */,
				251D1F6922403DAE00AD7CE4 /* Info.plist */,
			);
			path = "Team Kookaburra Chess";
			sourceTree = "<group>";
		};
		251D1F7122403DAE00AD7CE4 /* Team Kookaburra ChessTests */ = {
			isa = PBXGroup;
			children = (
				251D1F7222403DAE00AD7CE4 /* Team_Kookaburra_ChessTests.swift */,
				251D1F7422403DAE00AD7CE4 /* Info.plist */,
			);
			path = "Team Kookaburra ChessTests";
			sourceTree = "<group>";
		};
		251D1F7C22403DAE00AD7CE4 /* Team Kookaburra ChessUITests */ = {
			isa = PBXGroup;
			children = (
				251D1F7D22403DAE00AD7CE4 /* Team_Kookaburra_ChessUITests.swift */,
				251D1F7F22403DAE00AD7CE4 /* Info.plist */,
			);
			path = "Team Kookaburra ChessUITests";
			sourceTree = "<group>";
		};
		251D202B22431F2C00AD7CE4 /* Images */ = {
			isa = PBXGroup;
			children = (
				25FFCD5C2256D3F400C81196 /* alchemistIcon.png */,
				25FFCD5B2256D3F300C81196 /* alchemistIconHD.png */,
				25FFCD6D2256E5BF00C81196 /* alchemistIcon80.png */,
				25FFCD692256E26300C81196 /* alchemistIconMini.png */,
				25FFCD5F2256D3FD00C81196 /* loadingIcon.png */,
				25FFCD6B2256E54000C81196 /* alchemistIconSettings.png */,
				25FFCD672256DF6F00C81196 /* loadingText.png */,
				258FEEE4225290E7007ED10C /* promotionSymbol.png */,
				258FEEE2225290E0007ED10C /* demotionSymbol.png */,
				258FEEE6225290F7007ED10C /* championTrophy.png */,
				258FEEE822529108007ED10C /* playerGold.png */,
				258FEECC22527AF2007ED10C /* bronzeDemotionBanner.png */,
				258FEECE22527AF8007ED10C /* championBanner.png */,
				258FEED522527B09007ED10C /* diamondPromotionBanner.png */,
				258FEED822527B0A007ED10C /* goldDemotionBanner.png */,
				258FEED722527B0A007ED10C /* goldPromotionBanner.png */,
				258FEED222527B09007ED10C /* rankBronze.png */,
				258FEED422527B09007ED10C /* rankDiamond.png */,
				258FEED122527B09007ED10C /* rankGold.png */,
				258FEED322527B09007ED10C /* rankSilver.png */,
				258FEED622527B09007ED10C /* silverDemotionBanner.png */,
				258FEED022527B09007ED10C /* silverPromotionBanner.png */,
				88198248224E69D6008E8EFD /* cathedral.jpg */,
				252A35EF22442A9200FE6A09 /* blackBishop.png */,
				259FEDA9224949F3006BE3E8 /* blackBatteringRam.png */,
				25415E30224A981000B7E13E /* blackBombard.png */,
				259FEDB72249E7DE006BE3E8 /* blackCamel.png */,
				254C147A2247E6AA004359CE /* blackDwarf.png */,
				259FEDB92249E7E5006BE3E8 /* blackCentaur.png */,
				25415E3A224A989400B7E13E /* blackManticore.png */,
				25415E32224A981500B7E13E /* blackDragonRider.png */,
				25415E38224A983100B7E13E /* blackSuperking.png */,
				254C14802247E6B9004359CE /* blackGhostQueen.png */,
				25415E36224A982A00B7E13E /* blackUnicorn.png */,
				25415E34224A981C00B7E13E /* blackGriffin.png */,
				259FED9B22493C0F006BE3E8 /* blackBasilisk.png */,
				254C14822247E6BF004359CE /* blackGoblin.png */,
				252A35F12244323500FE6A09 /* blackKnight.png */,
				259FED9D22493C16006BE3E8 /* blackFireDragon.png */,
				25BC7376224822600083D24E /* blackElephant.png */,
				25DEFD40224896E40024A78A /* blackArcher.png */,
				254C147C2247E6B0004359CE /* blackFootsoldier.png */,
				259FEDAD2249BF65006BE3E8 /* blackRightyElf.png */,
				259FEDB52249E7D3006BE3E8 /* blackMage.png */,
				259FEDA7224949ED006BE3E8 /* blackShip.png */,
				259FEDB32249BFD3006BE3E8 /* blackLeftyElf.png */,
				25DEFD42224896E80024A78A /* blackDemon.png */,
				259FED9F22493C1E006BE3E8 /* blackIceDragon.png */,
				25DEFD44224896EF0024A78A /* blackGuard.png */,
				259FEDAF2249BF6C006BE3E8 /* blackTrebuchet.png */,
				25BC73782248226A0083D24E /* blackManAtArms.png */,
				254C147E2247E6B5004359CE /* blackGargoyle.png */,
				259FEDA322493C3C006BE3E8 /* blackMonopod.png */,
				25BC737A2248226F0083D24E /* blackOgre.png */,
				259FEDA122493C24006BE3E8 /* blackMinotaur.png */,
				25DEFD46224896F80024A78A /* blackSwordsman.png */,
				25DEFD482248970A0024A78A /* blackPikeman.png */,
				254C14782247D67C004359CE /* blackKing.png */,
				25BC737E224822840083D24E /* blackScout.png */,
				25BC737C224822750083D24E /* blackOrcWarrior.png */,
				254C14842247E76A004359CE /* blackMonk.png */,
				252A35EB2244150200FE6A09 /* blackPawn.png */,
				254C14762247D675004359CE /* blackQueen.png */,
				252A35E9224414F600FE6A09 /* blankPiece.png */,
				251D202C22431F3800AD7CE4 /* testRook.png */,
				25B5F5BD22501AC600DF89FE /* whiteArcher.png */,
				25B5F5AD22501AC400DF89FE /* whiteBallista.png */,
				25B5F5A122501AC300DF89FE /* whiteBasilisk.png */,
				25B5F5AF22501AC400DF89FE /* whiteBatteringRam.png */,
				25B5F5A522501AC400DF89FE /* whiteBishop.png */,
				25B5F5B422501AC500DF89FE /* whiteBombard.png */,
				25B5F5C222501AC600DF89FE /* whiteCamel.png */,
				25B5F5BE22501AC600DF89FE /* whiteCentaur.png */,
				25B5F5A722501AC400DF89FE /* whiteDemon.png */,
				25B5F5B222501AC500DF89FE /* whiteDragonRider.png */,
				25B5F5C322501AC700DF89FE /* whiteDwarf.png */,
				25B5F5B022501AC500DF89FE /* whiteElephant.png */,
				25B5F5AE22501AC400DF89FE /* whiteFireDragon.png */,
				25B5F5C722501AC700DF89FE /* whiteFootsoldier.png */,
				25B5F5A322501AC300DF89FE /* whiteGargoyle.png */,
				25B5F5B322501AC500DF89FE /* whiteGhostQueen.png */,
				25B5F5C822501AC700DF89FE /* whiteGoblin.png */,
				25B5F5A422501AC400DF89FE /* whiteGriffin.png */,
				25B5F5BC22501AC600DF89FE /* whiteGuard.png */,
				25B5F5B122501AC500DF89FE /* whiteIceDragon.png */,
				25B5F5A922501AC400DF89FE /* whiteKing.png */,
				25B5F5B622501AC500DF89FE /* whiteKnight.png */,
				25B5F5B522501AC500DF89FE /* whiteLeftyElf.png */,
				25B5F5C422501AC700DF89FE /* whiteMage.png */,
				25B5F5AA22501AC400DF89FE /* whiteManAtArms.png */,
				25B5F5A822501AC400DF89FE /* whiteManticore.png */,
				25B5F5C022501AC600DF89FE /* whiteMinotaur.png */,
				25B5F5AC22501AC400DF89FE /* whiteMonk.png */,
				25B5F5A222501AC300DF89FE /* whiteMonopod.png */,
				25B5F5C922501AC700DF89FE /* whiteOgre.png */,
				25B5F5C522501AC700DF89FE /* whiteOrcWarrior.png */,
				25B5F5A622501AC400DF89FE /* whitePawn.png */,
				25B5F5CA22501AC700DF89FE /* whitePikeman.png */,
				25B5F5B722501AC500DF89FE /* whiteQueen.png */,
				25B5F5AB22501AC400DF89FE /* whiteRightyElf.png */,
				25B5F5B822501AC500DF89FE /* whiteRook.png */,
				25B5F5B922501AC600DF89FE /* whiteScout.png */,
				25B5F5C622501AC700DF89FE /* whiteShip.png */,
				25B5F5C122501AC600DF89FE /* whiteSuperKing.png */,
				25B5F5BA22501AC600DF89FE /* whiteSwordsman.png */,
				25B5F5BF22501AC600DF89FE /* whiteTrebuchet.png */,
				25B5F5BB22501AC600DF89FE /* whiteUnicorn.png */,
			);
			path = Images;
			sourceTree = "<group>";
		};
		643430A92253C50900E0CB24 /* Frameworks */ = {
			isa = PBXGroup;
			children = (
				25F3DDE922614B7000DA075F /* CloudKit.framework */,
				643430AA2253C50900E0CB24 /* GameKit.framework */,
			);
			name = Frameworks;
			sourceTree = "<group>";
		};
		88E34F37225029EE007ED2F5 /* View Controllers */ = {
			isa = PBXGroup;
			children = (
				251D1F5F22403DAD00AD7CE4 /* GameViewController.swift */,
				88198250224E7D12008E8EFD /* PlayBtOpeningScreenViewController.swift */,
				8819824E224E7CAF008E8EFD /* MyStatsViewController.swift */,
				8819824C224E7BBA008E8EFD /* StoreViewController.swift */,
				8819824A224E7948008E8EFD /* MyFriendsViewController.swift */,
				889C82632241651D00B77A21 /* OpeningScreen.swift */,
				88E34F3822502A2D007ED2F5 /* SearchForFriendsViewController.swift */,
				88E34F3A2250304E007ED2F5 /* PlacePiecesViewController.swift */,
				88E34F3C225032E5007ED2F5 /* NewGameViewController.swift */,
				88E34F3E2250341C007ED2F5 /* YourFriendsViewController.swift */,
				88E34F40225036A6007ED2F5 /* RandomOpponentViewController.swift */,
			);
			path = "View Controllers";
			sourceTree = "<group>";
		};
/* End PBXGroup section */

/* Begin PBXNativeTarget section */
		251D1F5322403DAD00AD7CE4 /* Team Kookaburra Chess */ = {
			isa = PBXNativeTarget;
			buildConfigurationList = 251D1F8222403DAE00AD7CE4 /* Build configuration list for PBXNativeTarget "Team Kookaburra Chess" */;
			buildPhases = (
				251D1F5022403DAD00AD7CE4 /* Sources */,
				251D1F5122403DAD00AD7CE4 /* Frameworks */,
				251D1F5222403DAD00AD7CE4 /* Resources */,
			);
			buildRules = (
			);
			dependencies = (
			);
			name = "Team Kookaburra Chess";
			productName = "Team Kookaburra Chess";
			productReference = 251D1F5422403DAD00AD7CE4 /* Team Kookaburra Chess.app */;
			productType = "com.apple.product-type.application";
		};
		251D1F6D22403DAE00AD7CE4 /* Team Kookaburra ChessTests */ = {
			isa = PBXNativeTarget;
			buildConfigurationList = 251D1F8522403DAE00AD7CE4 /* Build configuration list for PBXNativeTarget "Team Kookaburra ChessTests" */;
			buildPhases = (
				251D1F6A22403DAE00AD7CE4 /* Sources */,
				251D1F6B22403DAE00AD7CE4 /* Frameworks */,
				251D1F6C22403DAE00AD7CE4 /* Resources */,
			);
			buildRules = (
			);
			dependencies = (
				251D1F7022403DAE00AD7CE4 /* PBXTargetDependency */,
			);
			name = "Team Kookaburra ChessTests";
			productName = "Team Kookaburra ChessTests";
			productReference = 251D1F6E22403DAE00AD7CE4 /* Team Kookaburra ChessTests.xctest */;
			productType = "com.apple.product-type.bundle.unit-test";
		};
		251D1F7822403DAE00AD7CE4 /* Team Kookaburra ChessUITests */ = {
			isa = PBXNativeTarget;
			buildConfigurationList = 251D1F8822403DAE00AD7CE4 /* Build configuration list for PBXNativeTarget "Team Kookaburra ChessUITests" */;
			buildPhases = (
				251D1F7522403DAE00AD7CE4 /* Sources */,
				251D1F7622403DAE00AD7CE4 /* Frameworks */,
				251D1F7722403DAE00AD7CE4 /* Resources */,
			);
			buildRules = (
			);
			dependencies = (
				251D1F7B22403DAE00AD7CE4 /* PBXTargetDependency */,
			);
			name = "Team Kookaburra ChessUITests";
			productName = "Team Kookaburra ChessUITests";
			productReference = 251D1F7922403DAE00AD7CE4 /* Team Kookaburra ChessUITests.xctest */;
			productType = "com.apple.product-type.bundle.ui-testing";
		};
/* End PBXNativeTarget section */

/* Begin PBXProject section */
		251D1F4C22403DAD00AD7CE4 /* Project object */ = {
			isa = PBXProject;
			attributes = {
				LastSwiftUpdateCheck = 1010;
				LastUpgradeCheck = 1010;
				ORGANIZATIONNAME = "Christopher Blake Cassell Erquiaga";
				TargetAttributes = {
					251D1F5322403DAD00AD7CE4 = {
						CreatedOnToolsVersion = 10.1;
						LastSwiftMigration = 1020;
						SystemCapabilities = {
							com.apple.GameCenter.iOS = {
								enabled = 1;
							};
							com.apple.Push = {
								enabled = 1;
							};
							com.apple.iCloud = {
								enabled = 1;
							};
						};
					};
					251D1F6D22403DAE00AD7CE4 = {
						CreatedOnToolsVersion = 10.1;
						LastSwiftMigration = 1020;
						TestTargetID = 251D1F5322403DAD00AD7CE4;
					};
					251D1F7822403DAE00AD7CE4 = {
						CreatedOnToolsVersion = 10.1;
						LastSwiftMigration = 1020;
						TestTargetID = 251D1F5322403DAD00AD7CE4;
					};
				};
			};
			buildConfigurationList = 251D1F4F22403DAD00AD7CE4 /* Build configuration list for PBXProject "Team Kookaburra Chess" */;
			compatibilityVersion = "Xcode 9.3";
			developmentRegion = en;
			hasScannedForEncodings = 0;
			knownRegions = (
				en,
				Base,
			);
			mainGroup = 251D1F4B22403DAD00AD7CE4;
			productRefGroup = 251D1F5522403DAD00AD7CE4 /* Products */;
			projectDirPath = "";
			projectRoot = "";
			targets = (
				251D1F5322403DAD00AD7CE4 /* Team Kookaburra Chess */,
				251D1F6D22403DAE00AD7CE4 /* Team Kookaburra ChessTests */,
				251D1F7822403DAE00AD7CE4 /* Team Kookaburra ChessUITests */,
			);
		};
/* End PBXProject section */

/* Begin PBXResourcesBuildPhase section */
		251D1F5222403DAD00AD7CE4 /* Resources */ = {
			isa = PBXResourcesBuildPhase;
			buildActionMask = 2147483647;
			files = (
				25B5F5E322501AC700DF89FE /* whiteScout.png in Resources */,
				259FEDB02249BF6C006BE3E8 /* blackTrebuchet.png in Resources */,
				259FEDB62249E7D3006BE3E8 /* blackMage.png in Resources */,
				258FEEE3225290E0007ED10C /* demotionSymbol.png in Resources */,
				25B5F5CE22501AC700DF89FE /* whiteGriffin.png in Resources */,
				25DEFD492248970A0024A78A /* blackPikeman.png in Resources */,
				25B31CF7224E8A61005BAAA8 /* blackFootsoldier.png in Resources */,
				258FEEE122527B0A007ED10C /* goldDemotionBanner.png in Resources */,
				258FEED922527B0A007ED10C /* silverPromotionBanner.png in Resources */,
				25B5F5ED22501AC700DF89FE /* whiteDwarf.png in Resources */,
				25B5F5EA22501AC700DF89FE /* whiteMinotaur.png in Resources */,
				25B5F5D122501AC700DF89FE /* whiteDemon.png in Resources */,
				25DEFD45224896EF0024A78A /* blackGuard.png in Resources */,
				259FEDBA2249E7E5006BE3E8 /* blackCentaur.png in Resources */,
				25B5F5EF22501AC700DF89FE /* whiteOrcWarrior.png in Resources */,
				25FFCD6E2256E5BF00C81196 /* alchemistIcon80.png in Resources */,
				258FEEDF22527B0A007ED10C /* silverDemotionBanner.png in Resources */,
				25B5F5D322501AC700DF89FE /* whiteKing.png in Resources */,
				25415E31224A981000B7E13E /* blackBombard.png in Resources */,
				25B5F5DD22501AC700DF89FE /* whiteGhostQueen.png in Resources */,
				258FEEE5225290E7007ED10C /* promotionSymbol.png in Resources */,
				25B5F5E922501AC700DF89FE /* whiteTrebuchet.png in Resources */,
				25B5F5F222501AC700DF89FE /* whiteGoblin.png in Resources */,
				25B5F5DB22501AC700DF89FE /* whiteIceDragon.png in Resources */,
				25B5F5CB22501AC700DF89FE /* whiteBasilisk.png in Resources */,
				25B5F5F022501AC700DF89FE /* whiteShip.png in Resources */,
				252A35EC2244150200FE6A09 /* blackPawn.png in Resources */,
				25B5F5DE22501AC700DF89FE /* whiteBombard.png in Resources */,
				258FEEE022527B0A007ED10C /* goldPromotionBanner.png in Resources */,
				25FFCD642256D6F900C81196 /* Launch Screen.storyboard in Resources */,
				25B5F5E222501AC700DF89FE /* whiteRook.png in Resources */,
				25B5F5D422501AC700DF89FE /* whiteManAtArms.png in Resources */,
				259FEDB42249BFD3006BE3E8 /* blackLeftyElf.png in Resources */,
				254C14852247E76A004359CE /* blackMonk.png in Resources */,
				25B5F5F322501AC700DF89FE /* whiteOgre.png in Resources */,
				258FEEE7225290F7007ED10C /* championTrophy.png in Resources */,
				251D1F6322403DAD00AD7CE4 /* Main.storyboard in Resources */,
				258FEEDB22527B0A007ED10C /* rankBronze.png in Resources */,
				25FFCD5D2256D3F400C81196 /* alchemistIconHD.png in Resources */,
				25B5F5D022501AC700DF89FE /* whitePawn.png in Resources */,
				258FEEDA22527B0A007ED10C /* rankGold.png in Resources */,
				645068A5224D46E7006709A9 /* testRook.png in Resources */,
				254C147B2247E6AA004359CE /* blackDwarf.png in Resources */,
				258FEEDD22527B0A007ED10C /* rankDiamond.png in Resources */,
				25B5F5E822501AC700DF89FE /* whiteCentaur.png in Resources */,
				25B5F5EC22501AC700DF89FE /* whiteCamel.png in Resources */,
				25B5F5DF22501AC700DF89FE /* whiteLeftyElf.png in Resources */,
				25BC73792248226A0083D24E /* blackManAtArms.png in Resources */,
				25FFCD682256DF7000C81196 /* loadingText.png in Resources */,
				25BC737B2248226F0083D24E /* blackOgre.png in Resources */,
				25B5F5CC22501AC700DF89FE /* whiteMonopod.png in Resources */,
				25415E39224A983100B7E13E /* blackSuperking.png in Resources */,
				254C14792247D67C004359CE /* blackKing.png in Resources */,
				25B5F5CD22501AC700DF89FE /* whiteGargoyle.png in Resources */,
				252A35F022442A9200FE6A09 /* blackBishop.png in Resources */,
				25DEFD43224896E80024A78A /* blackDemon.png in Resources */,
				258FEECF22527AF8007ED10C /* championBanner.png in Resources */,
				25B5F5D622501AC700DF89FE /* whiteMonk.png in Resources */,
				25B5F5E622501AC700DF89FE /* whiteGuard.png in Resources */,
				258FEECD22527AF3007ED10C /* bronzeDemotionBanner.png in Resources */,
				251D1F5A22403DAD00AD7CE4 /* GameScene.sks in Resources */,
				25B5F5E022501AC700DF89FE /* whiteKnight.png in Resources */,
				259FEDB82249E7DE006BE3E8 /* blackCamel.png in Resources */,
				25B5F5DA22501AC700DF89FE /* whiteElephant.png in Resources */,
				25B5F5E522501AC700DF89FE /* whiteUnicorn.png in Resources */,
				25B5F5E722501AC700DF89FE /* whiteArcher.png in Resources */,
				25FFCD6A2256E26300C81196 /* alchemistIconMini.png in Resources */,
				254C14772247D676004359CE /* blackQueen.png in Resources */,
				251D1F6522403DAE00AD7CE4 /* Assets.xcassets in Resources */,
				254C147F2247E6B5004359CE /* blackGargoyle.png in Resources */,
				25B5F5D522501AC700DF89FE /* whiteRightyElf.png in Resources */,
				25FFCD5E2256D3F400C81196 /* alchemistIcon.png in Resources */,
				25FFCD602256D3FD00C81196 /* loadingIcon.png in Resources */,
				25B5F5EB22501AC700DF89FE /* whiteSuperKing.png in Resources */,
				259FEDA022493C1E006BE3E8 /* blackIceDragon.png in Resources */,
				25B5F5D722501AC700DF89FE /* whiteBallista.png in Resources */,
				25B5F5F422501AC700DF89FE /* whitePikeman.png in Resources */,
				254C14832247E6BF004359CE /* blackGoblin.png in Resources */,
				258FEEDE22527B0A007ED10C /* diamondPromotionBanner.png in Resources */,
				258FEEE922529109007ED10C /* playerGold.png in Resources */,
				88198249224E69D6008E8EFD /* cathedral.jpg in Resources */,
				25FFCD6C2256E54000C81196 /* alchemistIconSettings.png in Resources */,
				259FEDAE2249BF65006BE3E8 /* blackRightyElf.png in Resources */,
				25BC737D224822750083D24E /* blackOrcWarrior.png in Resources */,
				25BC7377224822600083D24E /* blackElephant.png in Resources */,
				25B5F5D922501AC700DF89FE /* whiteBatteringRam.png in Resources */,
				25B5F5E122501AC700DF89FE /* whiteQueen.png in Resources */,
				259FED9E22493C16006BE3E8 /* blackFireDragon.png in Resources */,
				259FED9C22493C0F006BE3E8 /* blackBasilisk.png in Resources */,
				252A35F22244323600FE6A09 /* blackKnight.png in Resources */,
				259FEDAA224949F3006BE3E8 /* blackBatteringRam.png in Resources */,
				258FEEDC22527B0A007ED10C /* rankSilver.png in Resources */,
				259FEDA8224949ED006BE3E8 /* blackShip.png in Resources */,
				25B5F5E422501AC700DF89FE /* whiteSwordsman.png in Resources */,
				25B5F5D222501AC700DF89FE /* whiteManticore.png in Resources */,
				259FEDA222493C24006BE3E8 /* blackMinotaur.png in Resources */,
				25415E35224A981C00B7E13E /* blackGriffin.png in Resources */,
				252A35EA224414F600FE6A09 /* blankPiece.png in Resources */,
				25DEFD41224896E40024A78A /* blackArcher.png in Resources */,
				25B5F5EE22501AC700DF89FE /* whiteMage.png in Resources */,
				25BC737F224822840083D24E /* blackScout.png in Resources */,
				25415E37224A982A00B7E13E /* blackUnicorn.png in Resources */,
				259FEDA422493C3C006BE3E8 /* blackMonopod.png in Resources */,
				25415E3B224A989400B7E13E /* blackManticore.png in Resources */,
				25B5F5CF22501AC700DF89FE /* whiteBishop.png in Resources */,
				254C14812247E6B9004359CE /* blackGhostQueen.png in Resources */,
				25DEFD47224896F80024A78A /* blackSwordsman.png in Resources */,
				25B5F5F122501AC700DF89FE /* whiteFootsoldier.png in Resources */,
				251D1F5C22403DAD00AD7CE4 /* Actions.sks in Resources */,
				25B5F5DC22501AC700DF89FE /* whiteDragonRider.png in Resources */,
				259FEDA6224949DE006BE3E8 /* blackBallista.png in Resources */,
				25B5F5D822501AC700DF89FE /* whiteFireDragon.png in Resources */,
				25415E33224A981500B7E13E /* blackDragonRider.png in Resources */,
			);
			runOnlyForDeploymentPostprocessing = 0;
		};
		251D1F6C22403DAE00AD7CE4 /* Resources */ = {
			isa = PBXResourcesBuildPhase;
			buildActionMask = 2147483647;
			files = (
			);
			runOnlyForDeploymentPostprocessing = 0;
		};
		251D1F7722403DAE00AD7CE4 /* Resources */ = {
			isa = PBXResourcesBuildPhase;
			buildActionMask = 2147483647;
			files = (
			);
			runOnlyForDeploymentPostprocessing = 0;
		};
/* End PBXResourcesBuildPhase section */

/* Begin PBXSourcesBuildPhase section */
		251D1F5022403DAD00AD7CE4 /* Sources */ = {
			isa = PBXSourcesBuildPhase;
			buildActionMask = 2147483647;
			files = (
				251D1F9C2240760B00AD7CE4 /* history.swift in Sources */,
				251D1F5E22403DAD00AD7CE4 /* GameScene.swift in Sources */,
				8819824F224E7CAF008E8EFD /* MyStatsViewController.swift in Sources */,
				88198251224E7D12008E8EFD /* PlayBtOpeningScreenViewController.swift in Sources */,
				88E34F3B2250304E007ED2F5 /* PlacePiecesViewController.swift in Sources */,
				646A3EA72263E48700378BEB /* GameModel.swift in Sources */,
				889C82642241651D00B77A21 /* OpeningScreen.swift in Sources */,
				251D1F902240746C00AD7CE4 /* BoardIndex.swift in Sources */,
				88E34F3922502A2D007ED2F5 /* SearchForFriendsViewController.swift in Sources */,
				251D1F6022403DAD00AD7CE4 /* GameViewController.swift in Sources */,
				251D1F962240751500AD7CE4 /* chessPiece.swift in Sources */,
				8819824D224E7BBA008E8EFD /* StoreViewController.swift in Sources */,
				88E34F3D225032E5007ED2F5 /* NewGameViewController.swift in Sources */,
				6440829E22593E70006563AB /* GameCenterHelper.swift in Sources */,
				88E34F41225036A6007ED2F5 /* RandomOpponentViewController.swift in Sources */,
				251D1F9A224075CE00AD7CE4 /* chessView.swift in Sources */,
				251D1F8E2240743D00AD7CE4 /* BoardCelll.swift in Sources */,
				88E34F3F2250341C007ED2F5 /* YourFriendsViewController.swift in Sources */,
				8819824B224E7948008E8EFD /* MyFriendsViewController.swift in Sources */,
				251D1F92224074A800AD7CE4 /* chessBoard.swift in Sources */,
				251D1F9E22407A7700AD7CE4 /* AppDelegate.swift in Sources */,
				251D1F982240757800AD7CE4 /* chessVC.swift in Sources */,
				646A3EA52263E39C00378BEB /* GKTurnBasedMatch+Additions.swift in Sources */,
				254815072252DF5D007C1174 /* LevelUpProgress.swift in Sources */,
			);
			runOnlyForDeploymentPostprocessing = 0;
		};
		251D1F6A22403DAE00AD7CE4 /* Sources */ = {
			isa = PBXSourcesBuildPhase;
			buildActionMask = 2147483647;
			files = (
				251D1F7322403DAE00AD7CE4 /* Team_Kookaburra_ChessTests.swift in Sources */,
			);
			runOnlyForDeploymentPostprocessing = 0;
		};
		251D1F7522403DAE00AD7CE4 /* Sources */ = {
			isa = PBXSourcesBuildPhase;
			buildActionMask = 2147483647;
			files = (
				251D1F7E22403DAE00AD7CE4 /* Team_Kookaburra_ChessUITests.swift in Sources */,
			);
			runOnlyForDeploymentPostprocessing = 0;
		};
/* End PBXSourcesBuildPhase section */

/* Begin PBXTargetDependency section */
		251D1F7022403DAE00AD7CE4 /* PBXTargetDependency */ = {
			isa = PBXTargetDependency;
			target = 251D1F5322403DAD00AD7CE4 /* Team Kookaburra Chess */;
			targetProxy = 251D1F6F22403DAE00AD7CE4 /* PBXContainerItemProxy */;
		};
		251D1F7B22403DAE00AD7CE4 /* PBXTargetDependency */ = {
			isa = PBXTargetDependency;
			target = 251D1F5322403DAD00AD7CE4 /* Team Kookaburra Chess */;
			targetProxy = 251D1F7A22403DAE00AD7CE4 /* PBXContainerItemProxy */;
		};
/* End PBXTargetDependency section */

/* Begin PBXVariantGroup section */
		251D1F6122403DAD00AD7CE4 /* Main.storyboard */ = {
			isa = PBXVariantGroup;
			children = (
				251D1F6222403DAD00AD7CE4 /* Base */,
			);
			name = Main.storyboard;
			sourceTree = "<group>";
		};
/* End PBXVariantGroup section */

/* Begin XCBuildConfiguration section */
		251D1F8022403DAE00AD7CE4 /* Debug */ = {
			isa = XCBuildConfiguration;
			buildSettings = {
				ALWAYS_SEARCH_USER_PATHS = NO;
				CLANG_ANALYZER_NONNULL = YES;
				CLANG_ANALYZER_NUMBER_OBJECT_CONVERSION = YES_AGGRESSIVE;
				CLANG_CXX_LANGUAGE_STANDARD = "gnu++14";
				CLANG_CXX_LIBRARY = "libc++";
				CLANG_ENABLE_MODULES = YES;
				CLANG_ENABLE_OBJC_ARC = YES;
				CLANG_ENABLE_OBJC_WEAK = YES;
				CLANG_WARN_BLOCK_CAPTURE_AUTORELEASING = YES;
				CLANG_WARN_BOOL_CONVERSION = YES;
				CLANG_WARN_COMMA = YES;
				CLANG_WARN_CONSTANT_CONVERSION = YES;
				CLANG_WARN_DEPRECATED_OBJC_IMPLEMENTATIONS = YES;
				CLANG_WARN_DIRECT_OBJC_ISA_USAGE = YES_ERROR;
				CLANG_WARN_DOCUMENTATION_COMMENTS = YES;
				CLANG_WARN_EMPTY_BODY = YES;
				CLANG_WARN_ENUM_CONVERSION = YES;
				CLANG_WARN_INFINITE_RECURSION = YES;
				CLANG_WARN_INT_CONVERSION = YES;
				CLANG_WARN_NON_LITERAL_NULL_CONVERSION = YES;
				CLANG_WARN_OBJC_IMPLICIT_RETAIN_SELF = YES;
				CLANG_WARN_OBJC_LITERAL_CONVERSION = YES;
				CLANG_WARN_OBJC_ROOT_CLASS = YES_ERROR;
				CLANG_WARN_RANGE_LOOP_ANALYSIS = YES;
				CLANG_WARN_STRICT_PROTOTYPES = YES;
				CLANG_WARN_SUSPICIOUS_MOVE = YES;
				CLANG_WARN_UNGUARDED_AVAILABILITY = YES_AGGRESSIVE;
				CLANG_WARN_UNREACHABLE_CODE = YES;
				CLANG_WARN__DUPLICATE_METHOD_MATCH = YES;
				CODE_SIGN_IDENTITY = "iPhone Developer";
				COPY_PHASE_STRIP = NO;
				DEBUG_INFORMATION_FORMAT = dwarf;
				ENABLE_STRICT_OBJC_MSGSEND = YES;
				ENABLE_TESTABILITY = YES;
				GCC_C_LANGUAGE_STANDARD = gnu11;
				GCC_DYNAMIC_NO_PIC = NO;
				GCC_NO_COMMON_BLOCKS = YES;
				GCC_OPTIMIZATION_LEVEL = 0;
				GCC_PREPROCESSOR_DEFINITIONS = (
					"DEBUG=1",
					"$(inherited)",
				);
				GCC_WARN_64_TO_32_BIT_CONVERSION = YES;
				GCC_WARN_ABOUT_RETURN_TYPE = YES_ERROR;
				GCC_WARN_UNDECLARED_SELECTOR = YES;
				GCC_WARN_UNINITIALIZED_AUTOS = YES_AGGRESSIVE;
				GCC_WARN_UNUSED_FUNCTION = YES;
				GCC_WARN_UNUSED_VARIABLE = YES;
				IPHONEOS_DEPLOYMENT_TARGET = 12.1;
				MTL_ENABLE_DEBUG_INFO = INCLUDE_SOURCE;
				MTL_FAST_MATH = YES;
				ONLY_ACTIVE_ARCH = YES;
				SDKROOT = iphoneos;
				SWIFT_ACTIVE_COMPILATION_CONDITIONS = DEBUG;
				SWIFT_OPTIMIZATION_LEVEL = "-Onone";
			};
			name = Debug;
		};
		251D1F8122403DAE00AD7CE4 /* Release */ = {
			isa = XCBuildConfiguration;
			buildSettings = {
				ALWAYS_SEARCH_USER_PATHS = NO;
				CLANG_ANALYZER_NONNULL = YES;
				CLANG_ANALYZER_NUMBER_OBJECT_CONVERSION = YES_AGGRESSIVE;
				CLANG_CXX_LANGUAGE_STANDARD = "gnu++14";
				CLANG_CXX_LIBRARY = "libc++";
				CLANG_ENABLE_MODULES = YES;
				CLANG_ENABLE_OBJC_ARC = YES;
				CLANG_ENABLE_OBJC_WEAK = YES;
				CLANG_WARN_BLOCK_CAPTURE_AUTORELEASING = YES;
				CLANG_WARN_BOOL_CONVERSION = YES;
				CLANG_WARN_COMMA = YES;
				CLANG_WARN_CONSTANT_CONVERSION = YES;
				CLANG_WARN_DEPRECATED_OBJC_IMPLEMENTATIONS = YES;
				CLANG_WARN_DIRECT_OBJC_ISA_USAGE = YES_ERROR;
				CLANG_WARN_DOCUMENTATION_COMMENTS = YES;
				CLANG_WARN_EMPTY_BODY = YES;
				CLANG_WARN_ENUM_CONVERSION = YES;
				CLANG_WARN_INFINITE_RECURSION = YES;
				CLANG_WARN_INT_CONVERSION = YES;
				CLANG_WARN_NON_LITERAL_NULL_CONVERSION = YES;
				CLANG_WARN_OBJC_IMPLICIT_RETAIN_SELF = YES;
				CLANG_WARN_OBJC_LITERAL_CONVERSION = YES;
				CLANG_WARN_OBJC_ROOT_CLASS = YES_ERROR;
				CLANG_WARN_RANGE_LOOP_ANALYSIS = YES;
				CLANG_WARN_STRICT_PROTOTYPES = YES;
				CLANG_WARN_SUSPICIOUS_MOVE = YES;
				CLANG_WARN_UNGUARDED_AVAILABILITY = YES_AGGRESSIVE;
				CLANG_WARN_UNREACHABLE_CODE = YES;
				CLANG_WARN__DUPLICATE_METHOD_MATCH = YES;
				CODE_SIGN_IDENTITY = "iPhone Developer";
				COPY_PHASE_STRIP = NO;
				DEBUG_INFORMATION_FORMAT = "dwarf-with-dsym";
				ENABLE_NS_ASSERTIONS = NO;
				ENABLE_STRICT_OBJC_MSGSEND = YES;
				GCC_C_LANGUAGE_STANDARD = gnu11;
				GCC_NO_COMMON_BLOCKS = YES;
				GCC_WARN_64_TO_32_BIT_CONVERSION = YES;
				GCC_WARN_ABOUT_RETURN_TYPE = YES_ERROR;
				GCC_WARN_UNDECLARED_SELECTOR = YES;
				GCC_WARN_UNINITIALIZED_AUTOS = YES_AGGRESSIVE;
				GCC_WARN_UNUSED_FUNCTION = YES;
				GCC_WARN_UNUSED_VARIABLE = YES;
				IPHONEOS_DEPLOYMENT_TARGET = 12.1;
				MTL_ENABLE_DEBUG_INFO = NO;
				MTL_FAST_MATH = YES;
				SDKROOT = iphoneos;
				SWIFT_COMPILATION_MODE = wholemodule;
				SWIFT_OPTIMIZATION_LEVEL = "-O";
				VALIDATE_PRODUCT = YES;
			};
			name = Release;
		};
		251D1F8322403DAE00AD7CE4 /* Debug */ = {
			isa = XCBuildConfiguration;
			buildSettings = {
				ASSETCATALOG_COMPILER_APPICON_NAME = AppIcon;
				CODE_SIGN_ALLOW_MODIFICATION = YES;
				CODE_SIGN_ENTITLEMENTS = "Team Kookaburra Chess/Team Kookaburra Chess.entitlements";
				CODE_SIGN_STYLE = Automatic;
				DEVELOPMENT_TEAM = 2U65PB4KJG;
				INFOPLIST_FILE = "Team Kookaburra Chess/Info.plist";
				LD_RUNPATH_SEARCH_PATHS = (
					"$(inherited)",
					"@executable_path/Frameworks",
				);
				PRODUCT_BUNDLE_IDENTIFIER = "CBCE.Team-Kookaburra-Chess42";
				PRODUCT_NAME = "$(TARGET_NAME)";
				SWIFT_VERSION = 5.0;
				TARGETED_DEVICE_FAMILY = "1,2";
			};
			name = Debug;
		};
		251D1F8422403DAE00AD7CE4 /* Release */ = {
			isa = XCBuildConfiguration;
			buildSettings = {
				ASSETCATALOG_COMPILER_APPICON_NAME = AppIcon;
				CODE_SIGN_ALLOW_MODIFICATION = YES;
				CODE_SIGN_ENTITLEMENTS = "Team Kookaburra Chess/Team Kookaburra Chess.entitlements";
				CODE_SIGN_STYLE = Automatic;
				DEVELOPMENT_TEAM = 2U65PB4KJG;
				INFOPLIST_FILE = "Team Kookaburra Chess/Info.plist";
				LD_RUNPATH_SEARCH_PATHS = (
					"$(inherited)",
					"@executable_path/Frameworks",
				);
				PRODUCT_BUNDLE_IDENTIFIER = "CBCE.Team-Kookaburra-Chess42";
				PRODUCT_NAME = "$(TARGET_NAME)";
				SWIFT_VERSION = 5.0;
				TARGETED_DEVICE_FAMILY = "1,2";
			};
			name = Release;
		};
		251D1F8622403DAE00AD7CE4 /* Debug */ = {
			isa = XCBuildConfiguration;
			buildSettings = {
				ALWAYS_EMBED_SWIFT_STANDARD_LIBRARIES = YES;
				BUNDLE_LOADER = "$(TEST_HOST)";
				CODE_SIGN_STYLE = Automatic;
				DEVELOPMENT_TEAM = 63HJ367J2T;
				INFOPLIST_FILE = "Team Kookaburra ChessTests/Info.plist";
				LD_RUNPATH_SEARCH_PATHS = (
					"$(inherited)",
					"@executable_path/Frameworks",
					"@loader_path/Frameworks",
				);
				PRODUCT_BUNDLE_IDENTIFIER = "CBCE.Team-Kookaburra-ChessTests";
				PRODUCT_NAME = "$(TARGET_NAME)";
				SWIFT_VERSION = 5.0;
				TARGETED_DEVICE_FAMILY = "1,2";
				TEST_HOST = "$(BUILT_PRODUCTS_DIR)/Team Kookaburra Chess.app/Team Kookaburra Chess";
			};
			name = Debug;
		};
		251D1F8722403DAE00AD7CE4 /* Release */ = {
			isa = XCBuildConfiguration;
			buildSettings = {
				ALWAYS_EMBED_SWIFT_STANDARD_LIBRARIES = YES;
				BUNDLE_LOADER = "$(TEST_HOST)";
				CODE_SIGN_STYLE = Automatic;
				DEVELOPMENT_TEAM = 63HJ367J2T;
				INFOPLIST_FILE = "Team Kookaburra ChessTests/Info.plist";
				LD_RUNPATH_SEARCH_PATHS = (
					"$(inherited)",
					"@executable_path/Frameworks",
					"@loader_path/Frameworks",
				);
				PRODUCT_BUNDLE_IDENTIFIER = "CBCE.Team-Kookaburra-ChessTests";
				PRODUCT_NAME = "$(TARGET_NAME)";
				SWIFT_VERSION = 5.0;
				TARGETED_DEVICE_FAMILY = "1,2";
				TEST_HOST = "$(BUILT_PRODUCTS_DIR)/Team Kookaburra Chess.app/Team Kookaburra Chess";
			};
			name = Release;
		};
		251D1F8922403DAE00AD7CE4 /* Debug */ = {
			isa = XCBuildConfiguration;
			buildSettings = {
				ALWAYS_EMBED_SWIFT_STANDARD_LIBRARIES = YES;
				CODE_SIGN_STYLE = Automatic;
				DEVELOPMENT_TEAM = 63HJ367J2T;
				INFOPLIST_FILE = "Team Kookaburra ChessUITests/Info.plist";
				LD_RUNPATH_SEARCH_PATHS = (
					"$(inherited)",
					"@executable_path/Frameworks",
					"@loader_path/Frameworks",
				);
				PRODUCT_BUNDLE_IDENTIFIER = "CBCE.Team-Kookaburra-ChessUITests";
				PRODUCT_NAME = "$(TARGET_NAME)";
				SWIFT_VERSION = 5.0;
				TARGETED_DEVICE_FAMILY = "1,2";
				TEST_TARGET_NAME = "Team Kookaburra Chess";
			};
			name = Debug;
		};
		251D1F8A22403DAE00AD7CE4 /* Release */ = {
			isa = XCBuildConfiguration;
			buildSettings = {
				ALWAYS_EMBED_SWIFT_STANDARD_LIBRARIES = YES;
				CODE_SIGN_STYLE = Automatic;
				DEVELOPMENT_TEAM = 63HJ367J2T;
				INFOPLIST_FILE = "Team Kookaburra ChessUITests/Info.plist";
				LD_RUNPATH_SEARCH_PATHS = (
					"$(inherited)",
					"@executable_path/Frameworks",
					"@loader_path/Frameworks",
				);
				PRODUCT_BUNDLE_IDENTIFIER = "CBCE.Team-Kookaburra-ChessUITests";
				PRODUCT_NAME = "$(TARGET_NAME)";
				SWIFT_VERSION = 5.0;
				TARGETED_DEVICE_FAMILY = "1,2";
				TEST_TARGET_NAME = "Team Kookaburra Chess";
			};
			name = Release;
		};
/* End XCBuildConfiguration section */

/* Begin XCConfigurationList section */
		251D1F4F22403DAD00AD7CE4 /* Build configuration list for PBXProject "Team Kookaburra Chess" */ = {
			isa = XCConfigurationList;
			buildConfigurations = (
				251D1F8022403DAE00AD7CE4 /* Debug */,
				251D1F8122403DAE00AD7CE4 /* Release */,
			);
			defaultConfigurationIsVisible = 0;
			defaultConfigurationName = Release;
		};
		251D1F8222403DAE00AD7CE4 /* Build configuration list for PBXNativeTarget "Team Kookaburra Chess" */ = {
			isa = XCConfigurationList;
			buildConfigurations = (
				251D1F8322403DAE00AD7CE4 /* Debug */,
				251D1F8422403DAE00AD7CE4 /* Release */,
			);
			defaultConfigurationIsVisible = 0;
			defaultConfigurationName = Release;
		};
		251D1F8522403DAE00AD7CE4 /* Build configuration list for PBXNativeTarget "Team Kookaburra ChessTests" */ = {
			isa = XCConfigurationList;
			buildConfigurations = (
				251D1F8622403DAE00AD7CE4 /* Debug */,
				251D1F8722403DAE00AD7CE4 /* Release */,
			);
			defaultConfigurationIsVisible = 0;
			defaultConfigurationName = Release;
		};
		251D1F8822403DAE00AD7CE4 /* Build configuration list for PBXNativeTarget "Team Kookaburra ChessUITests" */ = {
			isa = XCConfigurationList;
			buildConfigurations = (
				251D1F8922403DAE00AD7CE4 /* Debug */,
				251D1F8A22403DAE00AD7CE4 /* Release */,
			);
			defaultConfigurationIsVisible = 0;
			defaultConfigurationName = Release;
		};
/* End XCConfigurationList section */
	};
	rootObject = 251D1F4C22403DAD00AD7CE4 /* Project object */;
}
